
Microsoft Visual Studio Solution File, Format Version 11.00
# Visual Studio 2010
Project("{FAE04EC0-301F-11D3-BF4B-00C04F79EFBC}") = "MPExtended.Services.MediaAccessService.Interfaces", "Services\MPExtended.Services.MediaAccessService.Interfaces\MPExtended.Services.MediaAccessService.Interfaces.csproj", "{26CCB930-9F47-4956-B7E9-5B36AC285663}"
EndProject
Project("{FAE04EC0-301F-11D3-BF4B-00C04F79EFBC}") = "MPExtended.Services.MediaAccessService", "Services\MPExtended.Services.MediaAccessService\MPExtended.Services.MediaAccessService.csproj", "{B7E31CD0-1494-4E60-8AC1-2B4656B44E8C}"
	ProjectSection(ProjectDependencies) = postProject
		{B2D5800A-85CE-45CD-AFAA-492B52AD67BB} = {B2D5800A-85CE-45CD-AFAA-492B52AD67BB}
		{243E120B-20C2-4D9C-9874-196C8B120E9D} = {243E120B-20C2-4D9C-9874-196C8B120E9D}
		{D08E4B27-E77C-4258-B050-333D42AA7362} = {D08E4B27-E77C-4258-B050-333D42AA7362}
		{EFE0F9B5-D937-44F5-9293-9C6A82C15747} = {EFE0F9B5-D937-44F5-9293-9C6A82C15747}
		{77C38FB8-C17E-444E-A3AE-1F8B713875CC} = {77C38FB8-C17E-444E-A3AE-1F8B713875CC}
	EndProjectSection
EndProject
Project("{2150E333-8FDC-42A3-9474-1A3956D46DE8}") = "Services", "Services", "{064D2043-948C-4009-BE37-167B600698DF}"
EndProject
Project("{2150E333-8FDC-42A3-9474-1A3956D46DE8}") = "MediaAccessService", "MediaAccessService", "{4A68B836-6611-4C76-AA66-F0DF5E5E036F}"
EndProject
Project("{2150E333-8FDC-42A3-9474-1A3956D46DE8}") = "StreamingService", "StreamingService", "{A21BF20B-9C8D-468C-B829-D27CB76B0EF8}"
EndProject
Project("{2150E333-8FDC-42A3-9474-1A3956D46DE8}") = "TVAccessService", "TVAccessService", "{5759CDAD-BD6E-4388-ACB5-F4A2CA4B8D17}"
EndProject
Project("{FAE04EC0-301F-11D3-BF4B-00C04F79EFBC}") = "MPExtended.Services.StreamingService", "Services\MPExtended.Services.StreamingService\MPExtended.Services.StreamingService.csproj", "{DA449FFD-88D4-42FE-A83A-166C7097D825}"
EndProject
Project("{FAE04EC0-301F-11D3-BF4B-00C04F79EFBC}") = "MPExtended.Services.StreamingService.Interfaces", "Services\MPExtended.Services.StreamingService.Interfaces\MPExtended.Services.StreamingService.Interfaces.csproj", "{3533C60C-F466-43A4-A7EE-633E7A7C3018}"
EndProject
Project("{FAE04EC0-301F-11D3-BF4B-00C04F79EFBC}") = "MPExtended.Services.TVAccessService", "Services\MPExtended.Services.TVAccessService\MPExtended.Services.TVAccessService.csproj", "{5F3A6BBC-96D8-483B-A246-1DD5118465A9}"
EndProject
Project("{FAE04EC0-301F-11D3-BF4B-00C04F79EFBC}") = "MPExtended.Services.TVAccessService.Interfaces", "Services\MPExtended.Services.TVAccessService.Interfaces\MPExtended.Services.TVAccessService.Interfaces.csproj", "{9FB7E014-F37F-4EFF-BD72-95B1DFD7CB67}"
EndProject
Project("{2150E333-8FDC-42A3-9474-1A3956D46DE8}") = "ServiceHosts", "ServiceHosts", "{33EA78E8-93C9-4801-A023-A5639993F342}"
EndProject
Project("{2150E333-8FDC-42A3-9474-1A3956D46DE8}") = "Installers", "Installers", "{5ABCE6FD-3F8D-4B02-9AB2-8DE4E759D404}"
EndProject
Project("{2150E333-8FDC-42A3-9474-1A3956D46DE8}") = "Applications", "Applications", "{4EBDE946-34F6-494D-9AD7-21BDB64CBC48}"
EndProject
Project("{2150E333-8FDC-42A3-9474-1A3956D46DE8}") = "Development", "Development", "{6A5B523D-3FF5-4DA3-B182-17A1DC26CBAF}"
EndProject
Project("{2150E333-8FDC-42A3-9474-1A3956D46DE8}") = "Libraries", "Libraries", "{B4291E4B-FA7F-4750-9D00-7B7E4CDC5EE4}"
EndProject
Project("{2150E333-8FDC-42A3-9474-1A3956D46DE8}") = "Solution Items", "Solution Items", "{8A5C6C0B-85A5-4B95-9359-96C98476229F}"
	ProjectSection(SolutionItems) = preProject
		GlobalVersion.cs = GlobalVersion.cs
		LICENSE.txt = LICENSE.txt
		MPExtendedKey.snk = MPExtendedKey.snk
	EndProjectSection
EndProject
Project("{FAE04EC0-301F-11D3-BF4B-00C04F79EFBC}") = "MPExtended.Applications.WebMediaPortal", "Applications\MPExtended.Applications.WebMediaPortal\MPExtended.Applications.WebMediaPortal.csproj", "{93F758FE-66B6-4C5D-B15D-7B31BC4964A8}"
EndProject
Project("{FAE04EC0-301F-11D3-BF4B-00C04F79EFBC}") = "MPExtended.Libraries.ServiceLib", "Libraries\MPExtended.Libraries.ServiceLib\MPExtended.Libraries.ServiceLib.csproj", "{CEA12075-6DD2-442D-96F8-88A77EDCC16D}"
EndProject
Project("{2150E333-8FDC-42A3-9474-1A3956D46DE8}") = "PlugIns", "PlugIns", "{714FAF3E-26F8-4495-8BA5-D40333C4FC56}"
EndProject
Project("{FAE04EC0-301F-11D3-BF4B-00C04F79EFBC}") = "MPExtended.PlugIns.MAS.MPMovingPictures", "PlugIns\MPExtended.PlugIns.MAS.MPMovingPictures\MPExtended.PlugIns.MAS.MPMovingPictures.csproj", "{EFE0F9B5-D937-44F5-9293-9C6A82C15747}"
EndProject
Project("{FAE04EC0-301F-11D3-BF4B-00C04F79EFBC}") = "MPExtended.PlugIns.MAS.MPMusic", "PlugIns\MPExtended.PlugIns.MAS.MPMusic\MPExtended.PlugIns.MAS.MPMusic.csproj", "{243E120B-20C2-4D9C-9874-196C8B120E9D}"
EndProject
Project("{FAE04EC0-301F-11D3-BF4B-00C04F79EFBC}") = "MPExtended.PlugIns.MAS.MPVideos", "PlugIns\MPExtended.PlugIns.MAS.MPVideos\MPExtended.PlugIns.MAS.MPVideos.csproj", "{7304D17F-85F1-4C5A-8D55-B3599B4B2759}"
EndProject
Project("{FAE04EC0-301F-11D3-BF4B-00C04F79EFBC}") = "MPExtended.PlugIns.MAS.MPTVSeries", "PlugIns\MPExtended.PlugIns.MAS.MPTVSeries\MPExtended.PlugIns.MAS.MPTVSeries.csproj", "{77C38FB8-C17E-444E-A3AE-1F8B713875CC}"
EndProject
Project("{FAE04EC0-301F-11D3-BF4B-00C04F79EFBC}") = "MPExtended.PlugIns.MAS.XBMCMusic", "PlugIns\MPExtended.PlugIns.MAS.XBMCMusic\MPExtended.PlugIns.MAS.XBMCMusic.csproj", "{52DBD781-2509-4ABB-8B97-7FE5F6635AC3}"
EndProject
Project("{FAE04EC0-301F-11D3-BF4B-00C04F79EFBC}") = "MPExtended.Libraries.SQLitePlugin", "Libraries\MPExtended.Libraries.SQLitePlugin\MPExtended.Libraries.SQLitePlugin.csproj", "{19467BF5-89FA-4BA3-A4C3-3A382573A20F}"
EndProject
Project("{FAE04EC0-301F-11D3-BF4B-00C04F79EFBC}") = "MPExtended.PlugIns.MAS.LocalFileSystem", "PlugIns\MPExtended.PlugIns.MAS.LocalFileSystem\MPExtended.PlugIns.MAS.LocalFileSystem.csproj", "{456F3244-967E-4732-A2C4-0219B85521DC}"
EndProject
Project("{FAE04EC0-301F-11D3-BF4B-00C04F79EFBC}") = "MPExtended.PlugIns.MAS.MPShares", "PlugIns\MPExtended.PlugIns.MAS.MPShares\MPExtended.PlugIns.MAS.MPShares.csproj", "{B2D5800A-85CE-45CD-AFAA-492B52AD67BB}"
EndProject
Project("{FAE04EC0-301F-11D3-BF4B-00C04F79EFBC}") = "MPExtended.PlugIns.MAS.FSPictures", "PlugIns\MPExtended.PlugIns.MAS.FSPictures\MPExtended.PlugIns.MAS.FSPictures.csproj", "{D08E4B27-E77C-4258-B050-333D42AA7362}"
EndProject
Project("{FAE04EC0-301F-11D3-BF4B-00C04F79EFBC}") = "MPExtended.Applications.Development.DocGen", "Applications\MPExtended.Applications.Development.DocGen\MPExtended.Applications.Development.DocGen.csproj", "{0B852F64-7C0E-4555-A20D-0F0ABF337255}"
EndProject
Project("{FAE04EC0-301F-11D3-BF4B-00C04F79EFBC}") = "MPExtended.Applications.Development.InterfaceCheck", "Applications\MPExtended.Applications.Development.InterfaceCheck\MPExtended.Applications.Development.InterfaceCheck.csproj", "{9FE6B2C9-0635-452D-B6E2-577D1A2EF988}"
EndProject
Project("{FAE04EC0-301F-11D3-BF4B-00C04F79EFBC}") = "MPExtended.Libraries.General", "Libraries\MPExtended.Libraries.General\MPExtended.Libraries.General.csproj", "{98732EF2-81BD-4194-B718-DB356B03306F}"
EndProject
Project("{FAE04EC0-301F-11D3-BF4B-00C04F79EFBC}") = "MPExtended.Applications.ServiceConfigurator", "Applications\MPExtended.Applications.ServiceConfigurator\MPExtended.Applications.ServiceConfigurator.csproj", "{EDD71CEF-C318-4229-9427-DD822C6EDEB1}"
EndProject
Project("{FAE04EC0-301F-11D3-BF4B-00C04F79EFBC}") = "MPExtended.Applications.Development.Performance", "Applications\MPExtended.Applications.Development.Performance\MPExtended.Applications.Development.Performance.csproj", "{ABA99ADC-5086-4320-95B8-1ACDBF55C8BF}"
EndProject
Project("{FAE04EC0-301F-11D3-BF4B-00C04F79EFBC}") = "MPExtended.Applications.Development.StreamingService", "Applications\MPExtended.Applications.Development.StreamingService\MPExtended.Applications.Development.StreamingService.csproj", "{1E43D575-56AE-4F75-8FA0-D0EDC8501933}"
EndProject
Project("{2150E333-8FDC-42A3-9474-1A3956D46DE8}") = "UserSessionService", "UserSessionService", "{91B3A941-4E1F-4F9A-8005-1BA11303E829}"
EndProject
Project("{FAE04EC0-301F-11D3-BF4B-00C04F79EFBC}") = "MPExtended.Services.UserSessionService", "Services\MPExtended.Services.UserSessionService\MPExtended.Services.UserSessionService.csproj", "{26B34D42-CA8B-44BF-A282-E516E2C22588}"
EndProject
Project("{FAE04EC0-301F-11D3-BF4B-00C04F79EFBC}") = "MPExtended.Services.UserSessionService.Interfaces", "Services\MPExtended.Services.UserSessionService.Interfaces\MPExtended.Services.UserSessionService.Interfaces.csproj", "{CC3525EA-0721-4299-991B-1C7E01A15E6B}"
EndProject
Project("{930C7802-8A8C-48F9-8165-68863BCCD9DD}") = "MPExtended.Installers.Service", "Installers\MPExtended.Installers.Service\MPExtended.Installers.Service.wixproj", "{73676C4A-CDDB-407A-AC81-15FD09E22243}"
EndProject
Project("{FAE04EC0-301F-11D3-BF4B-00C04F79EFBC}") = "MPExtended.Applications.UacServiceHandler", "Applications\MPExtended.Applications.UacServiceHandler\MPExtended.Applications.UacServiceHandler.csproj", "{CA3022CA-1E84-485C-8AB3-1116407E32CA}"
EndProject
Project("{FAE04EC0-301F-11D3-BF4B-00C04F79EFBC}") = "MPExtended.ServiceHosts.Hosting", "ServiceHosts\MPExtended.ServiceHosts.Hosting\MPExtended.ServiceHosts.Hosting.csproj", "{13254AC1-D087-47AB-8FBB-C0D4FEDEDF1A}"
EndProject
Project("{FAE04EC0-301F-11D3-BF4B-00C04F79EFBC}") = "MPExtended.ServiceHosts.CoreService", "ServiceHosts\MPExtended.ServiceHosts.CoreService\MPExtended.ServiceHosts.CoreService.csproj", "{9A9D8C7D-13B9-48CA-95B2-D06CB3348B4E}"
	ProjectSection(ProjectDependencies) = postProject
		{26B34D42-CA8B-44BF-A282-E516E2C22588} = {26B34D42-CA8B-44BF-A282-E516E2C22588}
		{5F3A6BBC-96D8-483B-A246-1DD5118465A9} = {5F3A6BBC-96D8-483B-A246-1DD5118465A9}
		{B7E31CD0-1494-4E60-8AC1-2B4656B44E8C} = {B7E31CD0-1494-4E60-8AC1-2B4656B44E8C}
		{DA449FFD-88D4-42FE-A83A-166C7097D825} = {DA449FFD-88D4-42FE-A83A-166C7097D825}
	EndProjectSection
EndProject
Project("{FAE04EC0-301F-11D3-BF4B-00C04F79EFBC}") = "MPExtended.ServiceHosts.ConsoleHost", "ServiceHosts\MPExtended.ServiceHosts.ConsoleHost\MPExtended.ServiceHosts.ConsoleHost.csproj", "{15A4B23A-240B-481B-8C49-6021000A9206}"
	ProjectSection(ProjectDependencies) = postProject
		{26B34D42-CA8B-44BF-A282-E516E2C22588} = {26B34D42-CA8B-44BF-A282-E516E2C22588}
		{5F3A6BBC-96D8-483B-A246-1DD5118465A9} = {5F3A6BBC-96D8-483B-A246-1DD5118465A9}
		{B7E31CD0-1494-4E60-8AC1-2B4656B44E8C} = {B7E31CD0-1494-4E60-8AC1-2B4656B44E8C}
		{DA449FFD-88D4-42FE-A83A-166C7097D825} = {DA449FFD-88D4-42FE-A83A-166C7097D825}
	EndProjectSection
EndProject
Project("{2150E333-8FDC-42A3-9474-1A3956D46DE8}") = "Config", "Config", "{A564D67F-77EE-408D-A6B1-FBCADBFA8732}"
EndProject
Project("{2150E333-8FDC-42A3-9474-1A3956D46DE8}") = "Debug", "Debug", "{9258DFD4-52C6-4CB8-BD98-1C2CB4B9498F}"
	ProjectSection(SolutionItems) = preProject
		Config\Debug\MediaAccess.xml = Config\Debug\MediaAccess.xml
		Config\Debug\Services.xml = Config\Debug\Services.xml
		Config\Debug\Streaming.xml = Config\Debug\Streaming.xml
		Config\Debug\WebMediaPortal.xml = Config\Debug\WebMediaPortal.xml
		Config\Debug\WebMediaPortalUsers.xml = Config\Debug\WebMediaPortalUsers.xml
	EndProjectSection
EndProject
Project("{2150E333-8FDC-42A3-9474-1A3956D46DE8}") = "Release", "Release", "{D16BD20A-94B3-4E8C-A8E9-8F7BBF6F161C}"
	ProjectSection(SolutionItems) = preProject
		Config\Release\MediaAccess.xml = Config\Release\MediaAccess.xml
		Config\Release\Services.xml = Config\Release\Services.xml
		Config\Release\Streaming.xml = Config\Release\Streaming.xml
		Config\Release\WebMediaPortal.xml = Config\Release\WebMediaPortal.xml
		Config\Release\WebMediaPortalUsers.xml = Config\Release\WebMediaPortalUsers.xml
	EndProjectSection
EndProject
Project("{FAE04EC0-301F-11D3-BF4B-00C04F79EFBC}") = "MPExtended.Applications.Development.USSTest", "Applications\MPExtended.Applications.Development.USSTest\MPExtended.Applications.Development.USSTest.csproj", "{B4064E77-5558-4932-BBD2-88B02E8F1F6F}"
EndProject
Project("{FAE04EC0-301F-11D3-BF4B-00C04F79EFBC}") = "MPExtended.Installers.CustomActions", "Installers\MPExtended.Installers.CustomActions\MPExtended.Installers.CustomActions.csproj", "{1CEFD1EA-2EFF-4B98-8022-C59003E4234A}"
EndProject
Project("{FAE04EC0-301F-11D3-BF4B-00C04F79EFBC}") = "MPExtended.Libraries.Social", "Libraries\MPExtended.Libraries.Social\MPExtended.Libraries.Social.csproj", "{504A098A-8141-418A-9FC5-C7870C68C716}"
EndProject
Global
	GlobalSection(SolutionConfigurationPlatforms) = preSolution
		Debug|Any CPU = Debug|Any CPU
		Debug|Mixed Platforms = Debug|Mixed Platforms
		Debug|x86 = Debug|x86
		Release|Any CPU = Release|Any CPU
		Release|Mixed Platforms = Release|Mixed Platforms
		Release|x86 = Release|x86
	EndGlobalSection
	GlobalSection(ProjectConfigurationPlatforms) = postSolution
		{26CCB930-9F47-4956-B7E9-5B36AC285663}.Debug|Any CPU.ActiveCfg = Debug|Any CPU
		{26CCB930-9F47-4956-B7E9-5B36AC285663}.Debug|Any CPU.Build.0 = Debug|Any CPU
		{26CCB930-9F47-4956-B7E9-5B36AC285663}.Debug|Mixed Platforms.ActiveCfg = Debug|Any CPU
		{26CCB930-9F47-4956-B7E9-5B36AC285663}.Debug|Mixed Platforms.Build.0 = Debug|Any CPU
		{26CCB930-9F47-4956-B7E9-5B36AC285663}.Debug|x86.ActiveCfg = Debug|Any CPU
		{26CCB930-9F47-4956-B7E9-5B36AC285663}.Release|Any CPU.ActiveCfg = Release|Any CPU
		{26CCB930-9F47-4956-B7E9-5B36AC285663}.Release|Any CPU.Build.0 = Release|Any CPU
		{26CCB930-9F47-4956-B7E9-5B36AC285663}.Release|Mixed Platforms.ActiveCfg = Release|Any CPU
		{26CCB930-9F47-4956-B7E9-5B36AC285663}.Release|Mixed Platforms.Build.0 = Release|Any CPU
		{26CCB930-9F47-4956-B7E9-5B36AC285663}.Release|x86.ActiveCfg = Release|Any CPU
		{B7E31CD0-1494-4E60-8AC1-2B4656B44E8C}.Debug|Any CPU.ActiveCfg = Debug|Any CPU
		{B7E31CD0-1494-4E60-8AC1-2B4656B44E8C}.Debug|Any CPU.Build.0 = Debug|Any CPU
		{B7E31CD0-1494-4E60-8AC1-2B4656B44E8C}.Debug|Mixed Platforms.ActiveCfg = Debug|Any CPU
		{B7E31CD0-1494-4E60-8AC1-2B4656B44E8C}.Debug|Mixed Platforms.Build.0 = Debug|Any CPU
		{B7E31CD0-1494-4E60-8AC1-2B4656B44E8C}.Debug|x86.ActiveCfg = Debug|Any CPU
		{B7E31CD0-1494-4E60-8AC1-2B4656B44E8C}.Release|Any CPU.ActiveCfg = Release|Any CPU
		{B7E31CD0-1494-4E60-8AC1-2B4656B44E8C}.Release|Any CPU.Build.0 = Release|Any CPU
		{B7E31CD0-1494-4E60-8AC1-2B4656B44E8C}.Release|Mixed Platforms.ActiveCfg = Release|Any CPU
		{B7E31CD0-1494-4E60-8AC1-2B4656B44E8C}.Release|Mixed Platforms.Build.0 = Release|Any CPU
		{B7E31CD0-1494-4E60-8AC1-2B4656B44E8C}.Release|x86.ActiveCfg = Release|Any CPU
		{DA449FFD-88D4-42FE-A83A-166C7097D825}.Debug|Any CPU.ActiveCfg = Debug|Any CPU
		{DA449FFD-88D4-42FE-A83A-166C7097D825}.Debug|Any CPU.Build.0 = Debug|Any CPU
		{DA449FFD-88D4-42FE-A83A-166C7097D825}.Debug|Mixed Platforms.ActiveCfg = Debug|Any CPU
		{DA449FFD-88D4-42FE-A83A-166C7097D825}.Debug|Mixed Platforms.Build.0 = Debug|Any CPU
		{DA449FFD-88D4-42FE-A83A-166C7097D825}.Debug|x86.ActiveCfg = Debug|Any CPU
		{DA449FFD-88D4-42FE-A83A-166C7097D825}.Release|Any CPU.ActiveCfg = Release|Any CPU
		{DA449FFD-88D4-42FE-A83A-166C7097D825}.Release|Any CPU.Build.0 = Release|Any CPU
		{DA449FFD-88D4-42FE-A83A-166C7097D825}.Release|Mixed Platforms.ActiveCfg = Release|Any CPU
		{DA449FFD-88D4-42FE-A83A-166C7097D825}.Release|Mixed Platforms.Build.0 = Release|Any CPU
		{DA449FFD-88D4-42FE-A83A-166C7097D825}.Release|x86.ActiveCfg = Release|Any CPU
		{3533C60C-F466-43A4-A7EE-633E7A7C3018}.Debug|Any CPU.ActiveCfg = Debug|Any CPU
		{3533C60C-F466-43A4-A7EE-633E7A7C3018}.Debug|Any CPU.Build.0 = Debug|Any CPU
		{3533C60C-F466-43A4-A7EE-633E7A7C3018}.Debug|Mixed Platforms.ActiveCfg = Debug|Any CPU
		{3533C60C-F466-43A4-A7EE-633E7A7C3018}.Debug|Mixed Platforms.Build.0 = Debug|Any CPU
		{3533C60C-F466-43A4-A7EE-633E7A7C3018}.Debug|x86.ActiveCfg = Debug|Any CPU
		{3533C60C-F466-43A4-A7EE-633E7A7C3018}.Release|Any CPU.ActiveCfg = Release|Any CPU
		{3533C60C-F466-43A4-A7EE-633E7A7C3018}.Release|Any CPU.Build.0 = Release|Any CPU
		{3533C60C-F466-43A4-A7EE-633E7A7C3018}.Release|Mixed Platforms.ActiveCfg = Release|Any CPU
		{3533C60C-F466-43A4-A7EE-633E7A7C3018}.Release|Mixed Platforms.Build.0 = Release|Any CPU
		{3533C60C-F466-43A4-A7EE-633E7A7C3018}.Release|x86.ActiveCfg = Release|Any CPU
		{5F3A6BBC-96D8-483B-A246-1DD5118465A9}.Debug|Any CPU.ActiveCfg = Debug|Any CPU
		{5F3A6BBC-96D8-483B-A246-1DD5118465A9}.Debug|Any CPU.Build.0 = Debug|Any CPU
		{5F3A6BBC-96D8-483B-A246-1DD5118465A9}.Debug|Mixed Platforms.ActiveCfg = Debug|Any CPU
		{5F3A6BBC-96D8-483B-A246-1DD5118465A9}.Debug|Mixed Platforms.Build.0 = Debug|Any CPU
		{5F3A6BBC-96D8-483B-A246-1DD5118465A9}.Debug|x86.ActiveCfg = Debug|Any CPU
		{5F3A6BBC-96D8-483B-A246-1DD5118465A9}.Release|Any CPU.ActiveCfg = Release|Any CPU
		{5F3A6BBC-96D8-483B-A246-1DD5118465A9}.Release|Any CPU.Build.0 = Release|Any CPU
		{5F3A6BBC-96D8-483B-A246-1DD5118465A9}.Release|Mixed Platforms.ActiveCfg = Release|Any CPU
		{5F3A6BBC-96D8-483B-A246-1DD5118465A9}.Release|Mixed Platforms.Build.0 = Release|Any CPU
		{5F3A6BBC-96D8-483B-A246-1DD5118465A9}.Release|x86.ActiveCfg = Release|Any CPU
		{9FB7E014-F37F-4EFF-BD72-95B1DFD7CB67}.Debug|Any CPU.ActiveCfg = Debug|Any CPU
		{9FB7E014-F37F-4EFF-BD72-95B1DFD7CB67}.Debug|Any CPU.Build.0 = Debug|Any CPU
		{9FB7E014-F37F-4EFF-BD72-95B1DFD7CB67}.Debug|Mixed Platforms.ActiveCfg = Debug|Any CPU
		{9FB7E014-F37F-4EFF-BD72-95B1DFD7CB67}.Debug|Mixed Platforms.Build.0 = Debug|Any CPU
		{9FB7E014-F37F-4EFF-BD72-95B1DFD7CB67}.Debug|x86.ActiveCfg = Debug|Any CPU
		{9FB7E014-F37F-4EFF-BD72-95B1DFD7CB67}.Release|Any CPU.ActiveCfg = Release|Any CPU
		{9FB7E014-F37F-4EFF-BD72-95B1DFD7CB67}.Release|Any CPU.Build.0 = Release|Any CPU
		{9FB7E014-F37F-4EFF-BD72-95B1DFD7CB67}.Release|Mixed Platforms.ActiveCfg = Release|Any CPU
		{9FB7E014-F37F-4EFF-BD72-95B1DFD7CB67}.Release|Mixed Platforms.Build.0 = Release|Any CPU
		{9FB7E014-F37F-4EFF-BD72-95B1DFD7CB67}.Release|x86.ActiveCfg = Release|Any CPU
		{93F758FE-66B6-4C5D-B15D-7B31BC4964A8}.Debug|Any CPU.ActiveCfg = Debug|Any CPU
		{93F758FE-66B6-4C5D-B15D-7B31BC4964A8}.Debug|Any CPU.Build.0 = Debug|Any CPU
		{93F758FE-66B6-4C5D-B15D-7B31BC4964A8}.Debug|Mixed Platforms.ActiveCfg = Debug|Any CPU
		{93F758FE-66B6-4C5D-B15D-7B31BC4964A8}.Debug|Mixed Platforms.Build.0 = Debug|Any CPU
		{93F758FE-66B6-4C5D-B15D-7B31BC4964A8}.Debug|x86.ActiveCfg = Debug|Any CPU
		{93F758FE-66B6-4C5D-B15D-7B31BC4964A8}.Release|Any CPU.ActiveCfg = Release|Any CPU
		{93F758FE-66B6-4C5D-B15D-7B31BC4964A8}.Release|Any CPU.Build.0 = Release|Any CPU
		{93F758FE-66B6-4C5D-B15D-7B31BC4964A8}.Release|Mixed Platforms.ActiveCfg = Release|Any CPU
		{93F758FE-66B6-4C5D-B15D-7B31BC4964A8}.Release|Mixed Platforms.Build.0 = Release|Any CPU
		{93F758FE-66B6-4C5D-B15D-7B31BC4964A8}.Release|x86.ActiveCfg = Release|Any CPU
		{CEA12075-6DD2-442D-96F8-88A77EDCC16D}.Debug|Any CPU.ActiveCfg = Debug|Any CPU
		{CEA12075-6DD2-442D-96F8-88A77EDCC16D}.Debug|Any CPU.Build.0 = Debug|Any CPU
		{CEA12075-6DD2-442D-96F8-88A77EDCC16D}.Debug|Mixed Platforms.ActiveCfg = Debug|Any CPU
		{CEA12075-6DD2-442D-96F8-88A77EDCC16D}.Debug|Mixed Platforms.Build.0 = Debug|Any CPU
		{CEA12075-6DD2-442D-96F8-88A77EDCC16D}.Debug|x86.ActiveCfg = Debug|Any CPU
		{CEA12075-6DD2-442D-96F8-88A77EDCC16D}.Release|Any CPU.ActiveCfg = Release|Any CPU
		{CEA12075-6DD2-442D-96F8-88A77EDCC16D}.Release|Any CPU.Build.0 = Release|Any CPU
		{CEA12075-6DD2-442D-96F8-88A77EDCC16D}.Release|Mixed Platforms.ActiveCfg = Release|Any CPU
		{CEA12075-6DD2-442D-96F8-88A77EDCC16D}.Release|Mixed Platforms.Build.0 = Release|Any CPU
		{CEA12075-6DD2-442D-96F8-88A77EDCC16D}.Release|x86.ActiveCfg = Release|Any CPU
		{EFE0F9B5-D937-44F5-9293-9C6A82C15747}.Debug|Any CPU.ActiveCfg = Debug|Any CPU
		{EFE0F9B5-D937-44F5-9293-9C6A82C15747}.Debug|Any CPU.Build.0 = Debug|Any CPU
		{EFE0F9B5-D937-44F5-9293-9C6A82C15747}.Debug|Mixed Platforms.ActiveCfg = Debug|Any CPU
		{EFE0F9B5-D937-44F5-9293-9C6A82C15747}.Debug|Mixed Platforms.Build.0 = Debug|Any CPU
		{EFE0F9B5-D937-44F5-9293-9C6A82C15747}.Debug|x86.ActiveCfg = Debug|Any CPU
		{EFE0F9B5-D937-44F5-9293-9C6A82C15747}.Release|Any CPU.ActiveCfg = Release|Any CPU
		{EFE0F9B5-D937-44F5-9293-9C6A82C15747}.Release|Any CPU.Build.0 = Release|Any CPU
		{EFE0F9B5-D937-44F5-9293-9C6A82C15747}.Release|Mixed Platforms.ActiveCfg = Release|Any CPU
		{EFE0F9B5-D937-44F5-9293-9C6A82C15747}.Release|Mixed Platforms.Build.0 = Release|Any CPU
		{EFE0F9B5-D937-44F5-9293-9C6A82C15747}.Release|x86.ActiveCfg = Release|Any CPU
		{243E120B-20C2-4D9C-9874-196C8B120E9D}.Debug|Any CPU.ActiveCfg = Debug|Any CPU
		{243E120B-20C2-4D9C-9874-196C8B120E9D}.Debug|Any CPU.Build.0 = Debug|Any CPU
		{243E120B-20C2-4D9C-9874-196C8B120E9D}.Debug|Mixed Platforms.ActiveCfg = Debug|Any CPU
		{243E120B-20C2-4D9C-9874-196C8B120E9D}.Debug|Mixed Platforms.Build.0 = Debug|Any CPU
		{243E120B-20C2-4D9C-9874-196C8B120E9D}.Debug|x86.ActiveCfg = Debug|Any CPU
		{243E120B-20C2-4D9C-9874-196C8B120E9D}.Release|Any CPU.ActiveCfg = Release|Any CPU
		{243E120B-20C2-4D9C-9874-196C8B120E9D}.Release|Any CPU.Build.0 = Release|Any CPU
		{243E120B-20C2-4D9C-9874-196C8B120E9D}.Release|Mixed Platforms.ActiveCfg = Release|Any CPU
		{243E120B-20C2-4D9C-9874-196C8B120E9D}.Release|Mixed Platforms.Build.0 = Release|Any CPU
		{243E120B-20C2-4D9C-9874-196C8B120E9D}.Release|x86.ActiveCfg = Release|Any CPU
		{7304D17F-85F1-4C5A-8D55-B3599B4B2759}.Debug|Any CPU.ActiveCfg = Debug|Any CPU
		{7304D17F-85F1-4C5A-8D55-B3599B4B2759}.Debug|Any CPU.Build.0 = Debug|Any CPU
		{7304D17F-85F1-4C5A-8D55-B3599B4B2759}.Debug|Mixed Platforms.ActiveCfg = Debug|Any CPU
		{7304D17F-85F1-4C5A-8D55-B3599B4B2759}.Debug|Mixed Platforms.Build.0 = Debug|Any CPU
		{7304D17F-85F1-4C5A-8D55-B3599B4B2759}.Debug|x86.ActiveCfg = Debug|Any CPU
		{7304D17F-85F1-4C5A-8D55-B3599B4B2759}.Release|Any CPU.ActiveCfg = Release|Any CPU
		{7304D17F-85F1-4C5A-8D55-B3599B4B2759}.Release|Any CPU.Build.0 = Release|Any CPU
		{7304D17F-85F1-4C5A-8D55-B3599B4B2759}.Release|Mixed Platforms.ActiveCfg = Release|Any CPU
		{7304D17F-85F1-4C5A-8D55-B3599B4B2759}.Release|Mixed Platforms.Build.0 = Release|Any CPU
		{7304D17F-85F1-4C5A-8D55-B3599B4B2759}.Release|x86.ActiveCfg = Release|Any CPU
		{77C38FB8-C17E-444E-A3AE-1F8B713875CC}.Debug|Any CPU.ActiveCfg = Debug|Any CPU
		{77C38FB8-C17E-444E-A3AE-1F8B713875CC}.Debug|Any CPU.Build.0 = Debug|Any CPU
		{77C38FB8-C17E-444E-A3AE-1F8B713875CC}.Debug|Mixed Platforms.ActiveCfg = Debug|Any CPU
		{77C38FB8-C17E-444E-A3AE-1F8B713875CC}.Debug|Mixed Platforms.Build.0 = Debug|Any CPU
		{77C38FB8-C17E-444E-A3AE-1F8B713875CC}.Debug|x86.ActiveCfg = Debug|Any CPU
		{77C38FB8-C17E-444E-A3AE-1F8B713875CC}.Release|Any CPU.ActiveCfg = Release|Any CPU
		{77C38FB8-C17E-444E-A3AE-1F8B713875CC}.Release|Any CPU.Build.0 = Release|Any CPU
		{77C38FB8-C17E-444E-A3AE-1F8B713875CC}.Release|Mixed Platforms.ActiveCfg = Release|Any CPU
		{77C38FB8-C17E-444E-A3AE-1F8B713875CC}.Release|Mixed Platforms.Build.0 = Release|Any CPU
		{77C38FB8-C17E-444E-A3AE-1F8B713875CC}.Release|x86.ActiveCfg = Release|Any CPU
		{52DBD781-2509-4ABB-8B97-7FE5F6635AC3}.Debug|Any CPU.ActiveCfg = Debug|Any CPU
		{52DBD781-2509-4ABB-8B97-7FE5F6635AC3}.Debug|Any CPU.Build.0 = Debug|Any CPU
		{52DBD781-2509-4ABB-8B97-7FE5F6635AC3}.Debug|Mixed Platforms.ActiveCfg = Debug|Any CPU
		{52DBD781-2509-4ABB-8B97-7FE5F6635AC3}.Debug|Mixed Platforms.Build.0 = Debug|Any CPU
		{52DBD781-2509-4ABB-8B97-7FE5F6635AC3}.Debug|x86.ActiveCfg = Debug|Any CPU
		{52DBD781-2509-4ABB-8B97-7FE5F6635AC3}.Release|Any CPU.ActiveCfg = Release|Any CPU
		{52DBD781-2509-4ABB-8B97-7FE5F6635AC3}.Release|Any CPU.Build.0 = Release|Any CPU
		{52DBD781-2509-4ABB-8B97-7FE5F6635AC3}.Release|Mixed Platforms.ActiveCfg = Release|Any CPU
		{52DBD781-2509-4ABB-8B97-7FE5F6635AC3}.Release|Mixed Platforms.Build.0 = Release|Any CPU
		{52DBD781-2509-4ABB-8B97-7FE5F6635AC3}.Release|x86.ActiveCfg = Release|Any CPU
		{19467BF5-89FA-4BA3-A4C3-3A382573A20F}.Debug|Any CPU.ActiveCfg = Debug|Any CPU
		{19467BF5-89FA-4BA3-A4C3-3A382573A20F}.Debug|Any CPU.Build.0 = Debug|Any CPU
		{19467BF5-89FA-4BA3-A4C3-3A382573A20F}.Debug|Mixed Platforms.ActiveCfg = Debug|Any CPU
		{19467BF5-89FA-4BA3-A4C3-3A382573A20F}.Debug|Mixed Platforms.Build.0 = Debug|Any CPU
		{19467BF5-89FA-4BA3-A4C3-3A382573A20F}.Debug|x86.ActiveCfg = Debug|Any CPU
		{19467BF5-89FA-4BA3-A4C3-3A382573A20F}.Release|Any CPU.ActiveCfg = Release|Any CPU
		{19467BF5-89FA-4BA3-A4C3-3A382573A20F}.Release|Any CPU.Build.0 = Release|Any CPU
		{19467BF5-89FA-4BA3-A4C3-3A382573A20F}.Release|Mixed Platforms.ActiveCfg = Release|Any CPU
		{19467BF5-89FA-4BA3-A4C3-3A382573A20F}.Release|Mixed Platforms.Build.0 = Release|Any CPU
		{19467BF5-89FA-4BA3-A4C3-3A382573A20F}.Release|x86.ActiveCfg = Release|Any CPU
		{456F3244-967E-4732-A2C4-0219B85521DC}.Debug|Any CPU.ActiveCfg = Debug|Any CPU
		{456F3244-967E-4732-A2C4-0219B85521DC}.Debug|Any CPU.Build.0 = Debug|Any CPU
		{456F3244-967E-4732-A2C4-0219B85521DC}.Debug|Mixed Platforms.ActiveCfg = Debug|Any CPU
		{456F3244-967E-4732-A2C4-0219B85521DC}.Debug|Mixed Platforms.Build.0 = Debug|Any CPU
		{456F3244-967E-4732-A2C4-0219B85521DC}.Debug|x86.ActiveCfg = Debug|Any CPU
		{456F3244-967E-4732-A2C4-0219B85521DC}.Release|Any CPU.ActiveCfg = Release|Any CPU
		{456F3244-967E-4732-A2C4-0219B85521DC}.Release|Any CPU.Build.0 = Release|Any CPU
		{456F3244-967E-4732-A2C4-0219B85521DC}.Release|Mixed Platforms.ActiveCfg = Release|Any CPU
		{456F3244-967E-4732-A2C4-0219B85521DC}.Release|Mixed Platforms.Build.0 = Release|Any CPU
		{456F3244-967E-4732-A2C4-0219B85521DC}.Release|x86.ActiveCfg = Release|Any CPU
		{B2D5800A-85CE-45CD-AFAA-492B52AD67BB}.Debug|Any CPU.ActiveCfg = Debug|Any CPU
		{B2D5800A-85CE-45CD-AFAA-492B52AD67BB}.Debug|Any CPU.Build.0 = Debug|Any CPU
		{B2D5800A-85CE-45CD-AFAA-492B52AD67BB}.Debug|Mixed Platforms.ActiveCfg = Debug|Any CPU
		{B2D5800A-85CE-45CD-AFAA-492B52AD67BB}.Debug|Mixed Platforms.Build.0 = Debug|Any CPU
		{B2D5800A-85CE-45CD-AFAA-492B52AD67BB}.Debug|x86.ActiveCfg = Debug|Any CPU
		{B2D5800A-85CE-45CD-AFAA-492B52AD67BB}.Release|Any CPU.ActiveCfg = Release|Any CPU
		{B2D5800A-85CE-45CD-AFAA-492B52AD67BB}.Release|Any CPU.Build.0 = Release|Any CPU
		{B2D5800A-85CE-45CD-AFAA-492B52AD67BB}.Release|Mixed Platforms.ActiveCfg = Release|Any CPU
		{B2D5800A-85CE-45CD-AFAA-492B52AD67BB}.Release|Mixed Platforms.Build.0 = Release|Any CPU
		{B2D5800A-85CE-45CD-AFAA-492B52AD67BB}.Release|x86.ActiveCfg = Release|Any CPU
		{D08E4B27-E77C-4258-B050-333D42AA7362}.Debug|Any CPU.ActiveCfg = Debug|Any CPU
		{D08E4B27-E77C-4258-B050-333D42AA7362}.Debug|Any CPU.Build.0 = Debug|Any CPU
		{D08E4B27-E77C-4258-B050-333D42AA7362}.Debug|Mixed Platforms.ActiveCfg = Debug|Any CPU
		{D08E4B27-E77C-4258-B050-333D42AA7362}.Debug|Mixed Platforms.Build.0 = Debug|Any CPU
		{D08E4B27-E77C-4258-B050-333D42AA7362}.Debug|x86.ActiveCfg = Debug|Any CPU
		{D08E4B27-E77C-4258-B050-333D42AA7362}.Release|Any CPU.ActiveCfg = Release|Any CPU
		{D08E4B27-E77C-4258-B050-333D42AA7362}.Release|Any CPU.Build.0 = Release|Any CPU
		{D08E4B27-E77C-4258-B050-333D42AA7362}.Release|Mixed Platforms.ActiveCfg = Release|Any CPU
		{D08E4B27-E77C-4258-B050-333D42AA7362}.Release|Mixed Platforms.Build.0 = Release|Any CPU
		{D08E4B27-E77C-4258-B050-333D42AA7362}.Release|x86.ActiveCfg = Release|Any CPU
		{0B852F64-7C0E-4555-A20D-0F0ABF337255}.Debug|Any CPU.ActiveCfg = Debug|x86
		{0B852F64-7C0E-4555-A20D-0F0ABF337255}.Debug|Mixed Platforms.ActiveCfg = Debug|x86
		{0B852F64-7C0E-4555-A20D-0F0ABF337255}.Debug|Mixed Platforms.Build.0 = Debug|x86
		{0B852F64-7C0E-4555-A20D-0F0ABF337255}.Debug|x86.ActiveCfg = Debug|x86
		{0B852F64-7C0E-4555-A20D-0F0ABF337255}.Debug|x86.Build.0 = Debug|x86
		{0B852F64-7C0E-4555-A20D-0F0ABF337255}.Release|Any CPU.ActiveCfg = Release|x86
		{0B852F64-7C0E-4555-A20D-0F0ABF337255}.Release|Mixed Platforms.ActiveCfg = Release|x86
		{0B852F64-7C0E-4555-A20D-0F0ABF337255}.Release|Mixed Platforms.Build.0 = Release|x86
		{0B852F64-7C0E-4555-A20D-0F0ABF337255}.Release|x86.ActiveCfg = Release|x86
		{0B852F64-7C0E-4555-A20D-0F0ABF337255}.Release|x86.Build.0 = Release|x86
		{9FE6B2C9-0635-452D-B6E2-577D1A2EF988}.Debug|Any CPU.ActiveCfg = Debug|x86
		{9FE6B2C9-0635-452D-B6E2-577D1A2EF988}.Debug|Mixed Platforms.ActiveCfg = Debug|x86
		{9FE6B2C9-0635-452D-B6E2-577D1A2EF988}.Debug|Mixed Platforms.Build.0 = Debug|x86
		{9FE6B2C9-0635-452D-B6E2-577D1A2EF988}.Debug|x86.ActiveCfg = Debug|x86
		{9FE6B2C9-0635-452D-B6E2-577D1A2EF988}.Debug|x86.Build.0 = Debug|x86
		{9FE6B2C9-0635-452D-B6E2-577D1A2EF988}.Release|Any CPU.ActiveCfg = Release|x86
		{9FE6B2C9-0635-452D-B6E2-577D1A2EF988}.Release|Mixed Platforms.ActiveCfg = Release|x86
		{9FE6B2C9-0635-452D-B6E2-577D1A2EF988}.Release|Mixed Platforms.Build.0 = Release|x86
		{9FE6B2C9-0635-452D-B6E2-577D1A2EF988}.Release|x86.ActiveCfg = Release|x86
		{9FE6B2C9-0635-452D-B6E2-577D1A2EF988}.Release|x86.Build.0 = Release|x86
		{98732EF2-81BD-4194-B718-DB356B03306F}.Debug|Any CPU.ActiveCfg = Debug|Any CPU
		{98732EF2-81BD-4194-B718-DB356B03306F}.Debug|Any CPU.Build.0 = Debug|Any CPU
		{98732EF2-81BD-4194-B718-DB356B03306F}.Debug|Mixed Platforms.ActiveCfg = Debug|Any CPU
		{98732EF2-81BD-4194-B718-DB356B03306F}.Debug|Mixed Platforms.Build.0 = Debug|Any CPU
		{98732EF2-81BD-4194-B718-DB356B03306F}.Debug|x86.ActiveCfg = Debug|Any CPU
		{98732EF2-81BD-4194-B718-DB356B03306F}.Release|Any CPU.ActiveCfg = Release|Any CPU
		{98732EF2-81BD-4194-B718-DB356B03306F}.Release|Any CPU.Build.0 = Release|Any CPU
		{98732EF2-81BD-4194-B718-DB356B03306F}.Release|Mixed Platforms.ActiveCfg = Release|Any CPU
		{98732EF2-81BD-4194-B718-DB356B03306F}.Release|Mixed Platforms.Build.0 = Release|Any CPU
		{98732EF2-81BD-4194-B718-DB356B03306F}.Release|x86.ActiveCfg = Release|Any CPU
		{EDD71CEF-C318-4229-9427-DD822C6EDEB1}.Debug|Any CPU.ActiveCfg = Debug|x86
		{EDD71CEF-C318-4229-9427-DD822C6EDEB1}.Debug|Mixed Platforms.ActiveCfg = Debug|x86
		{EDD71CEF-C318-4229-9427-DD822C6EDEB1}.Debug|Mixed Platforms.Build.0 = Debug|x86
		{EDD71CEF-C318-4229-9427-DD822C6EDEB1}.Debug|x86.ActiveCfg = Debug|x86
		{EDD71CEF-C318-4229-9427-DD822C6EDEB1}.Debug|x86.Build.0 = Debug|x86
		{EDD71CEF-C318-4229-9427-DD822C6EDEB1}.Release|Any CPU.ActiveCfg = Release|x86
		{EDD71CEF-C318-4229-9427-DD822C6EDEB1}.Release|Mixed Platforms.ActiveCfg = Release|x86
		{EDD71CEF-C318-4229-9427-DD822C6EDEB1}.Release|Mixed Platforms.Build.0 = Release|x86
		{EDD71CEF-C318-4229-9427-DD822C6EDEB1}.Release|x86.ActiveCfg = Release|x86
		{EDD71CEF-C318-4229-9427-DD822C6EDEB1}.Release|x86.Build.0 = Release|x86
		{ABA99ADC-5086-4320-95B8-1ACDBF55C8BF}.Debug|Any CPU.ActiveCfg = Debug|x86
		{ABA99ADC-5086-4320-95B8-1ACDBF55C8BF}.Debug|Mixed Platforms.ActiveCfg = Debug|x86
		{ABA99ADC-5086-4320-95B8-1ACDBF55C8BF}.Debug|Mixed Platforms.Build.0 = Debug|x86
		{ABA99ADC-5086-4320-95B8-1ACDBF55C8BF}.Debug|x86.ActiveCfg = Debug|x86
		{ABA99ADC-5086-4320-95B8-1ACDBF55C8BF}.Debug|x86.Build.0 = Debug|x86
		{ABA99ADC-5086-4320-95B8-1ACDBF55C8BF}.Release|Any CPU.ActiveCfg = Release|x86
		{ABA99ADC-5086-4320-95B8-1ACDBF55C8BF}.Release|Mixed Platforms.ActiveCfg = Release|x86
		{ABA99ADC-5086-4320-95B8-1ACDBF55C8BF}.Release|Mixed Platforms.Build.0 = Release|x86
		{ABA99ADC-5086-4320-95B8-1ACDBF55C8BF}.Release|x86.ActiveCfg = Release|x86
		{ABA99ADC-5086-4320-95B8-1ACDBF55C8BF}.Release|x86.Build.0 = Release|x86
		{1E43D575-56AE-4F75-8FA0-D0EDC8501933}.Debug|Any CPU.ActiveCfg = Debug|x86
		{1E43D575-56AE-4F75-8FA0-D0EDC8501933}.Debug|Mixed Platforms.ActiveCfg = Debug|x86
		{1E43D575-56AE-4F75-8FA0-D0EDC8501933}.Debug|Mixed Platforms.Build.0 = Debug|x86
		{1E43D575-56AE-4F75-8FA0-D0EDC8501933}.Debug|x86.ActiveCfg = Debug|x86
		{1E43D575-56AE-4F75-8FA0-D0EDC8501933}.Debug|x86.Build.0 = Debug|x86
		{1E43D575-56AE-4F75-8FA0-D0EDC8501933}.Release|Any CPU.ActiveCfg = Release|x86
		{1E43D575-56AE-4F75-8FA0-D0EDC8501933}.Release|Mixed Platforms.ActiveCfg = Release|x86
		{1E43D575-56AE-4F75-8FA0-D0EDC8501933}.Release|Mixed Platforms.Build.0 = Release|x86
		{1E43D575-56AE-4F75-8FA0-D0EDC8501933}.Release|x86.ActiveCfg = Release|x86
		{1E43D575-56AE-4F75-8FA0-D0EDC8501933}.Release|x86.Build.0 = Release|x86
		{26B34D42-CA8B-44BF-A282-E516E2C22588}.Debug|Any CPU.ActiveCfg = Debug|Any CPU
		{26B34D42-CA8B-44BF-A282-E516E2C22588}.Debug|Any CPU.Build.0 = Debug|Any CPU
		{26B34D42-CA8B-44BF-A282-E516E2C22588}.Debug|Mixed Platforms.ActiveCfg = Debug|Any CPU
		{26B34D42-CA8B-44BF-A282-E516E2C22588}.Debug|Mixed Platforms.Build.0 = Debug|Any CPU
		{26B34D42-CA8B-44BF-A282-E516E2C22588}.Debug|x86.ActiveCfg = Debug|Any CPU
		{26B34D42-CA8B-44BF-A282-E516E2C22588}.Release|Any CPU.ActiveCfg = Release|Any CPU
		{26B34D42-CA8B-44BF-A282-E516E2C22588}.Release|Any CPU.Build.0 = Release|Any CPU
		{26B34D42-CA8B-44BF-A282-E516E2C22588}.Release|Mixed Platforms.ActiveCfg = Release|Any CPU
		{26B34D42-CA8B-44BF-A282-E516E2C22588}.Release|Mixed Platforms.Build.0 = Release|Any CPU
		{26B34D42-CA8B-44BF-A282-E516E2C22588}.Release|x86.ActiveCfg = Release|Any CPU
		{CC3525EA-0721-4299-991B-1C7E01A15E6B}.Debug|Any CPU.ActiveCfg = Debug|Any CPU
		{CC3525EA-0721-4299-991B-1C7E01A15E6B}.Debug|Any CPU.Build.0 = Debug|Any CPU
		{CC3525EA-0721-4299-991B-1C7E01A15E6B}.Debug|Mixed Platforms.ActiveCfg = Debug|Any CPU
		{CC3525EA-0721-4299-991B-1C7E01A15E6B}.Debug|Mixed Platforms.Build.0 = Debug|Any CPU
		{CC3525EA-0721-4299-991B-1C7E01A15E6B}.Debug|x86.ActiveCfg = Debug|Any CPU
		{CC3525EA-0721-4299-991B-1C7E01A15E6B}.Release|Any CPU.ActiveCfg = Release|Any CPU
		{CC3525EA-0721-4299-991B-1C7E01A15E6B}.Release|Any CPU.Build.0 = Release|Any CPU
		{CC3525EA-0721-4299-991B-1C7E01A15E6B}.Release|Mixed Platforms.ActiveCfg = Release|Any CPU
		{CC3525EA-0721-4299-991B-1C7E01A15E6B}.Release|Mixed Platforms.Build.0 = Release|Any CPU
		{CC3525EA-0721-4299-991B-1C7E01A15E6B}.Release|x86.ActiveCfg = Release|Any CPU
		{73676C4A-CDDB-407A-AC81-15FD09E22243}.Debug|Any CPU.ActiveCfg = Debug|x86
		{73676C4A-CDDB-407A-AC81-15FD09E22243}.Debug|Mixed Platforms.ActiveCfg = Debug|x86
		{73676C4A-CDDB-407A-AC81-15FD09E22243}.Debug|x86.ActiveCfg = Debug|x86
		{73676C4A-CDDB-407A-AC81-15FD09E22243}.Debug|x86.Build.0 = Debug|x86
		{73676C4A-CDDB-407A-AC81-15FD09E22243}.Release|Any CPU.ActiveCfg = Release|x86
		{73676C4A-CDDB-407A-AC81-15FD09E22243}.Release|Mixed Platforms.ActiveCfg = Release|x86
		{73676C4A-CDDB-407A-AC81-15FD09E22243}.Release|Mixed Platforms.Build.0 = Release|x86
		{73676C4A-CDDB-407A-AC81-15FD09E22243}.Release|x86.ActiveCfg = Release|x86
		{73676C4A-CDDB-407A-AC81-15FD09E22243}.Release|x86.Build.0 = Release|x86
		{CA3022CA-1E84-485C-8AB3-1116407E32CA}.Debug|Any CPU.ActiveCfg = Debug|x86
		{CA3022CA-1E84-485C-8AB3-1116407E32CA}.Debug|Mixed Platforms.ActiveCfg = Debug|x86
		{CA3022CA-1E84-485C-8AB3-1116407E32CA}.Debug|Mixed Platforms.Build.0 = Debug|x86
		{CA3022CA-1E84-485C-8AB3-1116407E32CA}.Debug|x86.ActiveCfg = Debug|x86
		{CA3022CA-1E84-485C-8AB3-1116407E32CA}.Debug|x86.Build.0 = Debug|x86
		{CA3022CA-1E84-485C-8AB3-1116407E32CA}.Release|Any CPU.ActiveCfg = Release|x86
		{CA3022CA-1E84-485C-8AB3-1116407E32CA}.Release|Mixed Platforms.ActiveCfg = Release|x86
		{CA3022CA-1E84-485C-8AB3-1116407E32CA}.Release|Mixed Platforms.Build.0 = Release|x86
		{CA3022CA-1E84-485C-8AB3-1116407E32CA}.Release|x86.ActiveCfg = Release|x86
		{CA3022CA-1E84-485C-8AB3-1116407E32CA}.Release|x86.Build.0 = Release|x86
		{13254AC1-D087-47AB-8FBB-C0D4FEDEDF1A}.Debug|Any CPU.ActiveCfg = Debug|Any CPU
		{13254AC1-D087-47AB-8FBB-C0D4FEDEDF1A}.Debug|Any CPU.Build.0 = Debug|Any CPU
		{13254AC1-D087-47AB-8FBB-C0D4FEDEDF1A}.Debug|Mixed Platforms.ActiveCfg = Debug|Any CPU
		{13254AC1-D087-47AB-8FBB-C0D4FEDEDF1A}.Debug|Mixed Platforms.Build.0 = Debug|Any CPU
		{13254AC1-D087-47AB-8FBB-C0D4FEDEDF1A}.Debug|x86.ActiveCfg = Debug|Any CPU
		{13254AC1-D087-47AB-8FBB-C0D4FEDEDF1A}.Release|Any CPU.ActiveCfg = Release|Any CPU
		{13254AC1-D087-47AB-8FBB-C0D4FEDEDF1A}.Release|Any CPU.Build.0 = Release|Any CPU
		{13254AC1-D087-47AB-8FBB-C0D4FEDEDF1A}.Release|Mixed Platforms.ActiveCfg = Release|Any CPU
		{13254AC1-D087-47AB-8FBB-C0D4FEDEDF1A}.Release|Mixed Platforms.Build.0 = Release|Any CPU
		{13254AC1-D087-47AB-8FBB-C0D4FEDEDF1A}.Release|x86.ActiveCfg = Release|Any CPU
		{9A9D8C7D-13B9-48CA-95B2-D06CB3348B4E}.Debug|Any CPU.ActiveCfg = Debug|x86
		{9A9D8C7D-13B9-48CA-95B2-D06CB3348B4E}.Debug|Mixed Platforms.ActiveCfg = Debug|x86
		{9A9D8C7D-13B9-48CA-95B2-D06CB3348B4E}.Debug|Mixed Platforms.Build.0 = Debug|x86
		{9A9D8C7D-13B9-48CA-95B2-D06CB3348B4E}.Debug|x86.ActiveCfg = Debug|x86
		{9A9D8C7D-13B9-48CA-95B2-D06CB3348B4E}.Debug|x86.Build.0 = Debug|x86
		{9A9D8C7D-13B9-48CA-95B2-D06CB3348B4E}.Release|Any CPU.ActiveCfg = Release|x86
		{9A9D8C7D-13B9-48CA-95B2-D06CB3348B4E}.Release|Mixed Platforms.ActiveCfg = Release|x86
		{9A9D8C7D-13B9-48CA-95B2-D06CB3348B4E}.Release|Mixed Platforms.Build.0 = Release|x86
		{9A9D8C7D-13B9-48CA-95B2-D06CB3348B4E}.Release|x86.ActiveCfg = Release|x86
		{9A9D8C7D-13B9-48CA-95B2-D06CB3348B4E}.Release|x86.Build.0 = Release|x86
		{15A4B23A-240B-481B-8C49-6021000A9206}.Debug|Any CPU.ActiveCfg = Debug|x86
		{15A4B23A-240B-481B-8C49-6021000A9206}.Debug|Mixed Platforms.ActiveCfg = Debug|x86
		{15A4B23A-240B-481B-8C49-6021000A9206}.Debug|Mixed Platforms.Build.0 = Debug|x86
		{15A4B23A-240B-481B-8C49-6021000A9206}.Debug|x86.ActiveCfg = Debug|x86
		{15A4B23A-240B-481B-8C49-6021000A9206}.Debug|x86.Build.0 = Debug|x86
		{15A4B23A-240B-481B-8C49-6021000A9206}.Release|Any CPU.ActiveCfg = Release|x86
		{15A4B23A-240B-481B-8C49-6021000A9206}.Release|Mixed Platforms.ActiveCfg = Release|x86
		{15A4B23A-240B-481B-8C49-6021000A9206}.Release|Mixed Platforms.Build.0 = Release|x86
		{15A4B23A-240B-481B-8C49-6021000A9206}.Release|x86.ActiveCfg = Release|x86
		{15A4B23A-240B-481B-8C49-6021000A9206}.Release|x86.Build.0 = Release|x86
		{B4064E77-5558-4932-BBD2-88B02E8F1F6F}.Debug|Any CPU.ActiveCfg = Debug|x86
		{B4064E77-5558-4932-BBD2-88B02E8F1F6F}.Debug|Mixed Platforms.ActiveCfg = Debug|x86
		{B4064E77-5558-4932-BBD2-88B02E8F1F6F}.Debug|Mixed Platforms.Build.0 = Debug|x86
		{B4064E77-5558-4932-BBD2-88B02E8F1F6F}.Debug|x86.ActiveCfg = Debug|x86
		{B4064E77-5558-4932-BBD2-88B02E8F1F6F}.Debug|x86.Build.0 = Debug|x86
		{B4064E77-5558-4932-BBD2-88B02E8F1F6F}.Release|Any CPU.ActiveCfg = Release|x86
		{B4064E77-5558-4932-BBD2-88B02E8F1F6F}.Release|Mixed Platforms.ActiveCfg = Release|x86
		{B4064E77-5558-4932-BBD2-88B02E8F1F6F}.Release|Mixed Platforms.Build.0 = Release|x86
		{B4064E77-5558-4932-BBD2-88B02E8F1F6F}.Release|x86.ActiveCfg = Release|x86
		{B4064E77-5558-4932-BBD2-88B02E8F1F6F}.Release|x86.Build.0 = Release|x86
		{1CEFD1EA-2EFF-4B98-8022-C59003E4234A}.Debug|Any CPU.ActiveCfg = Debug|x86
		{1CEFD1EA-2EFF-4B98-8022-C59003E4234A}.Debug|Mixed Platforms.ActiveCfg = Debug|x86
		{1CEFD1EA-2EFF-4B98-8022-C59003E4234A}.Debug|Mixed Platforms.Build.0 = Debug|x86
		{1CEFD1EA-2EFF-4B98-8022-C59003E4234A}.Debug|x86.ActiveCfg = Debug|x86
		{1CEFD1EA-2EFF-4B98-8022-C59003E4234A}.Debug|x86.Build.0 = Debug|x86
		{1CEFD1EA-2EFF-4B98-8022-C59003E4234A}.Release|Any CPU.ActiveCfg = Release|x86
		{1CEFD1EA-2EFF-4B98-8022-C59003E4234A}.Release|Mixed Platforms.ActiveCfg = Release|x86
		{1CEFD1EA-2EFF-4B98-8022-C59003E4234A}.Release|Mixed Platforms.Build.0 = Release|x86
		{1CEFD1EA-2EFF-4B98-8022-C59003E4234A}.Release|x86.ActiveCfg = Release|x86
		{1CEFD1EA-2EFF-4B98-8022-C59003E4234A}.Release|x86.Build.0 = Release|x86
		{504A098A-8141-418A-9FC5-C7870C68C716}.Debug|Any CPU.ActiveCfg = Debug|Any CPU
		{504A098A-8141-418A-9FC5-C7870C68C716}.Debug|Any CPU.Build.0 = Debug|Any CPU
		{504A098A-8141-418A-9FC5-C7870C68C716}.Debug|Mixed Platforms.ActiveCfg = Debug|Any CPU
		{504A098A-8141-418A-9FC5-C7870C68C716}.Debug|Mixed Platforms.Build.0 = Debug|Any CPU
		{504A098A-8141-418A-9FC5-C7870C68C716}.Debug|x86.ActiveCfg = Debug|Any CPU
		{504A098A-8141-418A-9FC5-C7870C68C716}.Release|Any CPU.ActiveCfg = Release|Any CPU
		{504A098A-8141-418A-9FC5-C7870C68C716}.Release|Any CPU.Build.0 = Release|Any CPU
		{504A098A-8141-418A-9FC5-C7870C68C716}.Release|Mixed Platforms.ActiveCfg = Release|Any CPU
		{504A098A-8141-418A-9FC5-C7870C68C716}.Release|Mixed Platforms.Build.0 = Release|Any CPU
		{504A098A-8141-418A-9FC5-C7870C68C716}.Release|x86.ActiveCfg = Release|Any CPU
	EndGlobalSection
	GlobalSection(SolutionProperties) = preSolution
		HideSolutionNode = FALSE
	EndGlobalSection
	GlobalSection(NestedProjects) = preSolution
		{4A68B836-6611-4C76-AA66-F0DF5E5E036F} = {064D2043-948C-4009-BE37-167B600698DF}
		{A21BF20B-9C8D-468C-B829-D27CB76B0EF8} = {064D2043-948C-4009-BE37-167B600698DF}
		{5759CDAD-BD6E-4388-ACB5-F4A2CA4B8D17} = {064D2043-948C-4009-BE37-167B600698DF}
		{91B3A941-4E1F-4F9A-8005-1BA11303E829} = {064D2043-948C-4009-BE37-167B600698DF}
		{26CCB930-9F47-4956-B7E9-5B36AC285663} = {4A68B836-6611-4C76-AA66-F0DF5E5E036F}
		{B7E31CD0-1494-4E60-8AC1-2B4656B44E8C} = {4A68B836-6611-4C76-AA66-F0DF5E5E036F}
		{DA449FFD-88D4-42FE-A83A-166C7097D825} = {A21BF20B-9C8D-468C-B829-D27CB76B0EF8}
		{3533C60C-F466-43A4-A7EE-633E7A7C3018} = {A21BF20B-9C8D-468C-B829-D27CB76B0EF8}
		{5F3A6BBC-96D8-483B-A246-1DD5118465A9} = {5759CDAD-BD6E-4388-ACB5-F4A2CA4B8D17}
		{9FB7E014-F37F-4EFF-BD72-95B1DFD7CB67} = {5759CDAD-BD6E-4388-ACB5-F4A2CA4B8D17}
		{13254AC1-D087-47AB-8FBB-C0D4FEDEDF1A} = {33EA78E8-93C9-4801-A023-A5639993F342}
		{9A9D8C7D-13B9-48CA-95B2-D06CB3348B4E} = {33EA78E8-93C9-4801-A023-A5639993F342}
		{15A4B23A-240B-481B-8C49-6021000A9206} = {33EA78E8-93C9-4801-A023-A5639993F342}
		{73676C4A-CDDB-407A-AC81-15FD09E22243} = {5ABCE6FD-3F8D-4B02-9AB2-8DE4E759D404}
		{1CEFD1EA-2EFF-4B98-8022-C59003E4234A} = {5ABCE6FD-3F8D-4B02-9AB2-8DE4E759D404}
		{6A5B523D-3FF5-4DA3-B182-17A1DC26CBAF} = {4EBDE946-34F6-494D-9AD7-21BDB64CBC48}
		{93F758FE-66B6-4C5D-B15D-7B31BC4964A8} = {4EBDE946-34F6-494D-9AD7-21BDB64CBC48}
		{EDD71CEF-C318-4229-9427-DD822C6EDEB1} = {4EBDE946-34F6-494D-9AD7-21BDB64CBC48}
		{CA3022CA-1E84-485C-8AB3-1116407E32CA} = {4EBDE946-34F6-494D-9AD7-21BDB64CBC48}
		{0B852F64-7C0E-4555-A20D-0F0ABF337255} = {6A5B523D-3FF5-4DA3-B182-17A1DC26CBAF}
		{9FE6B2C9-0635-452D-B6E2-577D1A2EF988} = {6A5B523D-3FF5-4DA3-B182-17A1DC26CBAF}
		{ABA99ADC-5086-4320-95B8-1ACDBF55C8BF} = {6A5B523D-3FF5-4DA3-B182-17A1DC26CBAF}
		{1E43D575-56AE-4F75-8FA0-D0EDC8501933} = {6A5B523D-3FF5-4DA3-B182-17A1DC26CBAF}
		{B4064E77-5558-4932-BBD2-88B02E8F1F6F} = {6A5B523D-3FF5-4DA3-B182-17A1DC26CBAF}
		{CEA12075-6DD2-442D-96F8-88A77EDCC16D} = {B4291E4B-FA7F-4750-9D00-7B7E4CDC5EE4}
		{19467BF5-89FA-4BA3-A4C3-3A382573A20F} = {B4291E4B-FA7F-4750-9D00-7B7E4CDC5EE4}
		{98732EF2-81BD-4194-B718-DB356B03306F} = {B4291E4B-FA7F-4750-9D00-7B7E4CDC5EE4}
		{504A098A-8141-418A-9FC5-C7870C68C716} = {B4291E4B-FA7F-4750-9D00-7B7E4CDC5EE4}
		{EFE0F9B5-D937-44F5-9293-9C6A82C15747} = {714FAF3E-26F8-4495-8BA5-D40333C4FC56}
		{243E120B-20C2-4D9C-9874-196C8B120E9D} = {714FAF3E-26F8-4495-8BA5-D40333C4FC56}
		{7304D17F-85F1-4C5A-8D55-B3599B4B2759} = {714FAF3E-26F8-4495-8BA5-D40333C4FC56}
		{77C38FB8-C17E-444E-A3AE-1F8B713875CC} = {714FAF3E-26F8-4495-8BA5-D40333C4FC56}
		{52DBD781-2509-4ABB-8B97-7FE5F6635AC3} = {714FAF3E-26F8-4495-8BA5-D40333C4FC56}
		{456F3244-967E-4732-A2C4-0219B85521DC} = {714FAF3E-26F8-4495-8BA5-D40333C4FC56}
		{B2D5800A-85CE-45CD-AFAA-492B52AD67BB} = {714FAF3E-26F8-4495-8BA5-D40333C4FC56}
		{D08E4B27-E77C-4258-B050-333D42AA7362} = {714FAF3E-26F8-4495-8BA5-D40333C4FC56}
		{26B34D42-CA8B-44BF-A282-E516E2C22588} = {91B3A941-4E1F-4F9A-8005-1BA11303E829}
		{CC3525EA-0721-4299-991B-1C7E01A15E6B} = {91B3A941-4E1F-4F9A-8005-1BA11303E829}
		{9258DFD4-52C6-4CB8-BD98-1C2CB4B9498F} = {A564D67F-77EE-408D-A6B1-FBCADBFA8732}
		{D16BD20A-94B3-4E8C-A8E9-8F7BBF6F161C} = {A564D67F-77EE-408D-A6B1-FBCADBFA8732}
	EndGlobalSection
EndGlobal
