
Microsoft Visual Studio Solution File, Format Version 11.00
# Visual Studio 2010
Project("{FAE04EC0-301F-11D3-BF4B-00C04F79EFBC}") = "MPExtended.Services.MediaAccessService.Interfaces", "Services\MPExtended.Services.MediaAccessService.Interfaces\MPExtended.Services.MediaAccessService.Interfaces.csproj", "{26CCB930-9F47-4956-B7E9-5B36AC285663}"
EndProject
Project("{FAE04EC0-301F-11D3-BF4B-00C04F79EFBC}") = "MPExtended.Services.MediaAccessService", "Services\MPExtended.Services.MediaAccessService\MPExtended.Services.MediaAccessService.csproj", "{B7E31CD0-1494-4E60-8AC1-2B4656B44E8C}"
EndProject
Project("{2150E333-8FDC-42A3-9474-1A3956D46DE8}") = "Services", "Services", "{064D2043-948C-4009-BE37-167B600698DF}"
EndProject
Project("{2150E333-8FDC-42A3-9474-1A3956D46DE8}") = "MediaAccessService", "MediaAccessService", "{4A68B836-6611-4C76-AA66-F0DF5E5E036F}"
EndProject
Project("{2150E333-8FDC-42A3-9474-1A3956D46DE8}") = "StreamingService", "StreamingService", "{A21BF20B-9C8D-468C-B829-D27CB76B0EF8}"
EndProject
Project("{2150E333-8FDC-42A3-9474-1A3956D46DE8}") = "TVAccessService", "TVAccessService", "{5759CDAD-BD6E-4388-ACB5-F4A2CA4B8D17}"
EndProject
Project("{FAE04EC0-301F-11D3-BF4B-00C04F79EFBC}") = "MPExtended.Services.StreamingService", "Services\MPExtended.Services.StreamingService\MPExtended.Services.StreamingService.csproj", "{DA449FFD-88D4-42FE-A83A-166C7097D825}"
EndProject
Project("{FAE04EC0-301F-11D3-BF4B-00C04F79EFBC}") = "MPExtended.Services.StreamingService.Interfaces", "Services\MPExtended.Services.StreamingService.Interfaces\MPExtended.Services.StreamingService.Interfaces.csproj", "{3533C60C-F466-43A4-A7EE-633E7A7C3018}"
EndProject
Project("{FAE04EC0-301F-11D3-BF4B-00C04F79EFBC}") = "MPExtended.Services.TVAccessService", "Services\MPExtended.Services.TVAccessService\MPExtended.Services.TVAccessService.csproj", "{5F3A6BBC-96D8-483B-A246-1DD5118465A9}"
EndProject
Project("{FAE04EC0-301F-11D3-BF4B-00C04F79EFBC}") = "MPExtended.Services.TVAccessService.Interfaces", "Services\MPExtended.Services.TVAccessService.Interfaces\MPExtended.Services.TVAccessService.Interfaces.csproj", "{9FB7E014-F37F-4EFF-BD72-95B1DFD7CB67}"
EndProject
Project("{2150E333-8FDC-42A3-9474-1A3956D46DE8}") = "ServiceHosts", "ServiceHosts", "{33EA78E8-93C9-4801-A023-A5639993F342}"
EndProject
Project("{2150E333-8FDC-42A3-9474-1A3956D46DE8}") = "ConsoleHosts", "ConsoleHosts", "{E23220C3-CC7E-4846-905E-A08D7C2968E4}"
EndProject
Project("{2150E333-8FDC-42A3-9474-1A3956D46DE8}") = "WindowsServiceHosts", "WindowsServiceHosts", "{C2857547-9ECB-45BD-8E98-996749CC43AC}"
EndProject
Project("{2150E333-8FDC-42A3-9474-1A3956D46DE8}") = "Installers", "Installers", "{5ABCE6FD-3F8D-4B02-9AB2-8DE4E759D404}"
	ProjectSection(SolutionItems) = preProject
		Installers\Fragments.wxs = Installers\Fragments.wxs
		Installers\General.wxi = Installers\General.wxi
		Installers\StreamBinaries.wxs = Installers\StreamBinaries.wxs
	EndProjectSection
EndProject
Project("{2150E333-8FDC-42A3-9474-1A3956D46DE8}") = "Applications", "Applications", "{4EBDE946-34F6-494D-9AD7-21BDB64CBC48}"
EndProject
Project("{2150E333-8FDC-42A3-9474-1A3956D46DE8}") = "Development", "Development", "{6A5B523D-3FF5-4DA3-B182-17A1DC26CBAF}"
EndProject
Project("{2150E333-8FDC-42A3-9474-1A3956D46DE8}") = "Libraries", "Libraries", "{B4291E4B-FA7F-4750-9D00-7B7E4CDC5EE4}"
EndProject
Project("{2150E333-8FDC-42A3-9474-1A3956D46DE8}") = "Database", "Database", "{E8ECBC04-8B62-454E-A671-8A33BDB35F4F}"
	ProjectSection(SolutionItems) = preProject
		Libraries\Database\Gentle.Common.dll = Libraries\Database\Gentle.Common.dll
		Libraries\Database\Gentle.Framework.dll = Libraries\Database\Gentle.Framework.dll
		Libraries\Database\Gentle.Provider.MySQL.dll = Libraries\Database\Gentle.Provider.MySQL.dll
		Libraries\Database\Gentle.Provider.SQLServer.dll = Libraries\Database\Gentle.Provider.SQLServer.dll
		Libraries\Database\MySql.Data.dll = Libraries\Database\MySql.Data.dll
	EndProjectSection
EndProject
Project("{2150E333-8FDC-42A3-9474-1A3956D46DE8}") = "Streaming", "Streaming", "{F138DFDE-1E65-48FE-8704-DA74BAFB2DC9}"
EndProject
Project("{2150E333-8FDC-42A3-9474-1A3956D46DE8}") = "TVEngine3", "TVEngine3", "{B17C433D-85CA-4FEC-8ECB-A31FC057C139}"
	ProjectSection(SolutionItems) = preProject
		Libraries\TVEngine3\TvBusinessLayer.dll = Libraries\TVEngine3\TvBusinessLayer.dll
		Libraries\TVEngine3\TvControl.dll = Libraries\TVEngine3\TvControl.dll
		Libraries\TVEngine3\TVDatabase.dll = Libraries\TVEngine3\TVDatabase.dll
		Libraries\TVEngine3\TVLibrary.dll = Libraries\TVEngine3\TVLibrary.dll
		Libraries\TVEngine3\TvLibrary.Interfaces.dll = Libraries\TVEngine3\TvLibrary.Interfaces.dll
		Libraries\TVEngine3\TvLibrary.Utils.dll = Libraries\TVEngine3\TvLibrary.Utils.dll
	EndProjectSection
EndProject
Project("{2150E333-8FDC-42A3-9474-1A3956D46DE8}") = "Logging", "Logging", "{7B88E985-6F2F-4194-9480-12D8C1D09F8D}"
	ProjectSection(SolutionItems) = preProject
		Libraries\Logging\log4net.dll = Libraries\Logging\log4net.dll
		Libraries\Logging\NLog.dll = Libraries\Logging\NLog.dll
	EndProjectSection
EndProject
Project("{2150E333-8FDC-42A3-9474-1A3956D46DE8}") = "Solution Items", "Solution Items", "{8A5C6C0B-85A5-4B95-9359-96C98476229F}"
	ProjectSection(SolutionItems) = preProject
		GlobalVersion.cs = GlobalVersion.cs
		LICENSE.txt = LICENSE.txt
		MPExtendedKey.snk = MPExtendedKey.snk
	EndProjectSection
EndProject
Project("{FAE04EC0-301F-11D3-BF4B-00C04F79EFBC}") = "MPExtended.ServiceHosts.SingleSeat", "ServiceHosts\MPExtended.ServiceHosts.SingleSeat\MPExtended.ServiceHosts.SingleSeat.csproj", "{245E9751-BDD9-4E94-A114-1D6832CE26DD}"
	ProjectSection(ProjectDependencies) = postProject
		{B2D5800A-85CE-45CD-AFAA-492B52AD67BB} = {B2D5800A-85CE-45CD-AFAA-492B52AD67BB}
		{243E120B-20C2-4D9C-9874-196C8B120E9D} = {243E120B-20C2-4D9C-9874-196C8B120E9D}
		{7304D17F-85F1-4C5A-8D55-B3599B4B2759} = {7304D17F-85F1-4C5A-8D55-B3599B4B2759}
		{EFE0F9B5-D937-44F5-9293-9C6A82C15747} = {EFE0F9B5-D937-44F5-9293-9C6A82C15747}
		{77C38FB8-C17E-444E-A3AE-1F8B713875CC} = {77C38FB8-C17E-444E-A3AE-1F8B713875CC}
	EndProjectSection
EndProject
Project("{FAE04EC0-301F-11D3-BF4B-00C04F79EFBC}") = "MPExtended.ServiceHosts.Console.Client", "ServiceHosts\MPExtended.ServiceHosts.Console.Client\MPExtended.ServiceHosts.Console.Client.csproj", "{3B1CE041-0FA3-4D71-9AA3-C6655B526259}"
	ProjectSection(ProjectDependencies) = postProject
		{B2D5800A-85CE-45CD-AFAA-492B52AD67BB} = {B2D5800A-85CE-45CD-AFAA-492B52AD67BB}
		{243E120B-20C2-4D9C-9874-196C8B120E9D} = {243E120B-20C2-4D9C-9874-196C8B120E9D}
		{7304D17F-85F1-4C5A-8D55-B3599B4B2759} = {7304D17F-85F1-4C5A-8D55-B3599B4B2759}
		{EFE0F9B5-D937-44F5-9293-9C6A82C15747} = {EFE0F9B5-D937-44F5-9293-9C6A82C15747}
		{77C38FB8-C17E-444E-A3AE-1F8B713875CC} = {77C38FB8-C17E-444E-A3AE-1F8B713875CC}
	EndProjectSection
EndProject
Project("{FAE04EC0-301F-11D3-BF4B-00C04F79EFBC}") = "MPExtended.ServiceHosts.Console.Server", "ServiceHosts\MPExtended.ServiceHosts.Console.Server\MPExtended.ServiceHosts.Console.Server.csproj", "{2FB38DB7-155E-4BA8-A292-2022DE08105A}"
EndProject
Project("{FAE04EC0-301F-11D3-BF4B-00C04F79EFBC}") = "MPExtended.ServiceHosts.Console.SingleSeat", "ServiceHosts\MPExtended.ServiceHosts.Console.SingleSeat\MPExtended.ServiceHosts.Console.SingleSeat.csproj", "{C3392739-1A84-4864-BB0C-F7CE02203B23}"
	ProjectSection(ProjectDependencies) = postProject
		{B2D5800A-85CE-45CD-AFAA-492B52AD67BB} = {B2D5800A-85CE-45CD-AFAA-492B52AD67BB}
		{243E120B-20C2-4D9C-9874-196C8B120E9D} = {243E120B-20C2-4D9C-9874-196C8B120E9D}
		{7304D17F-85F1-4C5A-8D55-B3599B4B2759} = {7304D17F-85F1-4C5A-8D55-B3599B4B2759}
		{EFE0F9B5-D937-44F5-9293-9C6A82C15747} = {EFE0F9B5-D937-44F5-9293-9C6A82C15747}
		{77C38FB8-C17E-444E-A3AE-1F8B713875CC} = {77C38FB8-C17E-444E-A3AE-1F8B713875CC}
	EndProjectSection
EndProject
Project("{FAE04EC0-301F-11D3-BF4B-00C04F79EFBC}") = "MPExtended.ServiceHosts.Client", "ServiceHosts\MPExtended.ServiceHosts.Client\MPExtended.ServiceHosts.Client.csproj", "{D77D182C-D095-43B5-8564-1FF9E4967838}"
	ProjectSection(ProjectDependencies) = postProject
		{B2D5800A-85CE-45CD-AFAA-492B52AD67BB} = {B2D5800A-85CE-45CD-AFAA-492B52AD67BB}
		{243E120B-20C2-4D9C-9874-196C8B120E9D} = {243E120B-20C2-4D9C-9874-196C8B120E9D}
		{7304D17F-85F1-4C5A-8D55-B3599B4B2759} = {7304D17F-85F1-4C5A-8D55-B3599B4B2759}
		{EFE0F9B5-D937-44F5-9293-9C6A82C15747} = {EFE0F9B5-D937-44F5-9293-9C6A82C15747}
		{77C38FB8-C17E-444E-A3AE-1F8B713875CC} = {77C38FB8-C17E-444E-A3AE-1F8B713875CC}
	EndProjectSection
EndProject
Project("{FAE04EC0-301F-11D3-BF4B-00C04F79EFBC}") = "MPExtended.ServiceHosts.Server", "ServiceHosts\MPExtended.ServiceHosts.Server\MPExtended.ServiceHosts.Server.csproj", "{D1B78750-D906-4621-8C2F-50E2C19124A1}"
EndProject
Project("{FAE04EC0-301F-11D3-BF4B-00C04F79EFBC}") = "MPExtended.Applications.WebMediaPortal", "Applications\MPExtended.Applications.WebMediaPortal\MPExtended.Applications.WebMediaPortal.csproj", "{93F758FE-66B6-4C5D-B15D-7B31BC4964A8}"
EndProject
Project("{FAE04EC0-301F-11D3-BF4B-00C04F79EFBC}") = "MPExtended.Libraries.ServiceLib", "Libraries\MPExtended.Libraries.ServiceLib\MPExtended.Libraries.ServiceLib.csproj", "{CEA12075-6DD2-442D-96F8-88A77EDCC16D}"
EndProject
Project("{2150E333-8FDC-42A3-9474-1A3956D46DE8}") = "PlugIns", "PlugIns", "{714FAF3E-26F8-4495-8BA5-D40333C4FC56}"
EndProject
Project("{FAE04EC0-301F-11D3-BF4B-00C04F79EFBC}") = "MPExtended.PlugIns.MAS.MPMovingPictures", "PlugIns\MPExtended.PlugIns.MAS.MPMovingPictures\MPExtended.PlugIns.MAS.MPMovingPictures.csproj", "{EFE0F9B5-D937-44F5-9293-9C6A82C15747}"
EndProject
Project("{FAE04EC0-301F-11D3-BF4B-00C04F79EFBC}") = "MPExtended.PlugIns.MAS.MPMusic", "PlugIns\MPExtended.PlugIns.MAS.MPMusic\MPExtended.PlugIns.MAS.MPMusic.csproj", "{243E120B-20C2-4D9C-9874-196C8B120E9D}"
EndProject
Project("{FAE04EC0-301F-11D3-BF4B-00C04F79EFBC}") = "MPExtended.PlugIns.MAS.MPVideos", "PlugIns\MPExtended.PlugIns.MAS.MPVideos\MPExtended.PlugIns.MAS.MPVideos.csproj", "{7304D17F-85F1-4C5A-8D55-B3599B4B2759}"
EndProject
Project("{FAE04EC0-301F-11D3-BF4B-00C04F79EFBC}") = "MPExtended.PlugIns.MAS.MPTVSeries", "PlugIns\MPExtended.PlugIns.MAS.MPTVSeries\MPExtended.PlugIns.MAS.MPTVSeries.csproj", "{77C38FB8-C17E-444E-A3AE-1F8B713875CC}"
EndProject
Project("{FAE04EC0-301F-11D3-BF4B-00C04F79EFBC}") = "MPExtended.PlugIns.MAS.XBMCMusic", "PlugIns\MPExtended.PlugIns.MAS.XBMCMusic\MPExtended.PlugIns.MAS.XBMCMusic.csproj", "{52DBD781-2509-4ABB-8B97-7FE5F6635AC3}"
EndProject
Project("{FAE04EC0-301F-11D3-BF4B-00C04F79EFBC}") = "MPExtended.Libraries.SQLitePlugin", "Libraries\MPExtended.Libraries.SQLitePlugin\MPExtended.Libraries.SQLitePlugin.csproj", "{19467BF5-89FA-4BA3-A4C3-3A382573A20F}"
EndProject
Project("{FAE04EC0-301F-11D3-BF4B-00C04F79EFBC}") = "MPExtended.PlugIns.MAS.LocalFileSystem", "PlugIns\MPExtended.PlugIns.MAS.LocalFileSystem\MPExtended.PlugIns.MAS.LocalFileSystem.csproj", "{456F3244-967E-4732-A2C4-0219B85521DC}"
EndProject
Project("{FAE04EC0-301F-11D3-BF4B-00C04F79EFBC}") = "MPExtended.PlugIns.MAS.MPShares", "PlugIns\MPExtended.PlugIns.MAS.MPShares\MPExtended.PlugIns.MAS.MPShares.csproj", "{B2D5800A-85CE-45CD-AFAA-492B52AD67BB}"
EndProject
Project("{FAE04EC0-301F-11D3-BF4B-00C04F79EFBC}") = "MPExtended.PlugIns.MAS.FSPictures", "PlugIns\MPExtended.PlugIns.MAS.FSPictures\MPExtended.PlugIns.MAS.FSPictures.csproj", "{D08E4B27-E77C-4258-B050-333D42AA7362}"
EndProject
Project("{FAE04EC0-301F-11D3-BF4B-00C04F79EFBC}") = "MPExtended.Applications.Development.DocGen", "Applications\MPExtended.Applications.Development.DocGen\MPExtended.Applications.Development.DocGen.csproj", "{0B852F64-7C0E-4555-A20D-0F0ABF337255}"
EndProject
Project("{FAE04EC0-301F-11D3-BF4B-00C04F79EFBC}") = "MPExtended.Applications.Development.InterfaceCheck", "Applications\MPExtended.Applications.Development.InterfaceCheck\MPExtended.Applications.Development.InterfaceCheck.csproj", "{9FE6B2C9-0635-452D-B6E2-577D1A2EF988}"
EndProject
Project("{FAE04EC0-301F-11D3-BF4B-00C04F79EFBC}") = "MPExtended.Libraries.General", "Libraries\MPExtended.Libraries.General\MPExtended.Libraries.General.csproj", "{98732EF2-81BD-4194-B718-DB356B03306F}"
EndProject
Project("{FAE04EC0-301F-11D3-BF4B-00C04F79EFBC}") = "MPExtended.Applications.ServiceConfigurator", "Applications\MPExtended.Applications.ServiceConfigurator\MPExtended.Applications.ServiceConfigurator.csproj", "{EDD71CEF-C318-4229-9427-DD822C6EDEB1}"
EndProject
Project("{FAE04EC0-301F-11D3-BF4B-00C04F79EFBC}") = "MPExtended.Applications.Development.Performance", "Applications\MPExtended.Applications.Development.Performance\MPExtended.Applications.Development.Performance.csproj", "{ABA99ADC-5086-4320-95B8-1ACDBF55C8BF}"
EndProject
Project("{FAE04EC0-301F-11D3-BF4B-00C04F79EFBC}") = "MPExtended.Applications.Development.StreamingService", "Applications\MPExtended.Applications.Development.StreamingService\MPExtended.Applications.Development.StreamingService.csproj", "{1E43D575-56AE-4F75-8FA0-D0EDC8501933}"
EndProject
Project("{2150E333-8FDC-42A3-9474-1A3956D46DE8}") = "UserSessionService", "UserSessionService", "{91B3A941-4E1F-4F9A-8005-1BA11303E829}"
EndProject
Project("{FAE04EC0-301F-11D3-BF4B-00C04F79EFBC}") = "MPExtended.Services.UserSessionService", "Services\MPExtended.Services.UserSessionService\MPExtended.Services.UserSessionService.csproj", "{26B34D42-CA8B-44BF-A282-E516E2C22588}"
EndProject
Project("{FAE04EC0-301F-11D3-BF4B-00C04F79EFBC}") = "MPExtended.Services.UserSessionService.Interfaces", "Services\MPExtended.Services.UserSessionService.Interfaces\MPExtended.Services.UserSessionService.Interfaces.csproj", "{CC3525EA-0721-4299-991B-1C7E01A15E6B}"
EndProject
Project("{930C7802-8A8C-48F9-8165-68863BCCD9DD}") = "MPExtended.Installers.Client", "Installers\MPExtended.Installers.Client\MPExtended.Installers.Client.wixproj", "{8CF51F45-7F45-4473-920D-F0DC12CB6BF8}"
EndProject
Project("{930C7802-8A8C-48F9-8165-68863BCCD9DD}") = "MPExtended.Installers.SingleSeat", "Installers\MPExtended.Installers.SingleSeat\MPExtended.Installers.SingleSeat.wixproj", "{B00DAA89-C862-4575-9557-F8ACA77E2603}"
EndProject
Project("{930C7802-8A8C-48F9-8165-68863BCCD9DD}") = "MPExtended.Installers.Server", "Installers\MPExtended.Installers.Server\MPExtended.Installers.Server.wixproj", "{DFB26301-070B-4C7E-8CEA-62BD95C820AD}"
EndProject
Project("{930C7802-8A8C-48F9-8165-68863BCCD9DD}") = "MPExtended.Installers.Service", "Installers\MPExtended.Installers.Service\MPExtended.Installers.Service.wixproj", "{73676C4A-CDDB-407A-AC81-15FD09E22243}"
EndProject
Project("{FAE04EC0-301F-11D3-BF4B-00C04F79EFBC}") = "MPExtended.Services.WindowsServiceHost", "Services\MPExtended.Services.WindowsServiceHost\MPExtended.Services.WindowsServiceHost.csproj", "{83F3DA64-FE16-4B9A-99B0-B6B1FEC2682D}"
EndProject
Project("{2150E333-8FDC-42A3-9474-1A3956D46DE8}") = "Hosts", "Hosts", "{DE4C402A-C2A6-4FE5-A587-F6315BC6B2AE}"
EndProject
Project("{FAE04EC0-301F-11D3-BF4B-00C04F79EFBC}") = "MPExtended.Services.ConsoleHost", "Services\MPExtended.Services.ConsoleHost\MPExtended.Services.ConsoleHost.csproj", "{00CEBD3E-D850-47C9-A1CF-EF2BF3772FB1}"
EndProject
Global
	GlobalSection(TeamFoundationVersionControl) = preSolution
		SccNumberOfProjects = 38
		SccEnterpriseProvider = {4CA58AB2-18FA-4F8D-95D4-32DDF27D184C}
		SccTeamFoundationServer = https://tfs.codeplex.com/tfs/tfs06
		SccLocalPath0 = .
		SccProjectUniqueName1 = Services\\MPExtended.Services.MediaAccessService.Interfaces\\MPExtended.Services.MediaAccessService.Interfaces.csproj
		SccProjectTopLevelParentUniqueName1 = MPExtended.sln
		SccProjectName1 = Services/MPExtended.Services.MediaAccessService.Interfaces
		SccLocalPath1 = Services\\MPExtended.Services.MediaAccessService.Interfaces
		SccProjectUniqueName2 = Services\\MPExtended.Services.MediaAccessService\\MPExtended.Services.MediaAccessService.csproj
		SccProjectTopLevelParentUniqueName2 = MPExtended.sln
		SccProjectName2 = Services/MPExtended.Services.MediaAccessService
		SccLocalPath2 = Services\\MPExtended.Services.MediaAccessService
		SccProjectUniqueName3 = Services\\MPExtended.Services.StreamingService\\MPExtended.Services.StreamingService.csproj
		SccProjectTopLevelParentUniqueName3 = MPExtended.sln
		SccProjectName3 = Services/MPExtended.Services.StreamingService
		SccLocalPath3 = Services\\MPExtended.Services.StreamingService
		SccProjectUniqueName4 = Services\\MPExtended.Services.StreamingService.Interfaces\\MPExtended.Services.StreamingService.Interfaces.csproj
		SccProjectTopLevelParentUniqueName4 = MPExtended.sln
		SccProjectName4 = Services/MPExtended.Services.StreamingService.Interfaces
		SccLocalPath4 = Services\\MPExtended.Services.StreamingService.Interfaces
		SccProjectUniqueName5 = Services\\MPExtended.Services.TVAccessService\\MPExtended.Services.TVAccessService.csproj
		SccProjectTopLevelParentUniqueName5 = MPExtended.sln
		SccProjectName5 = Services/MPExtended.Services.TVAccessService
		SccLocalPath5 = Services\\MPExtended.Services.TVAccessService
		SccProjectUniqueName6 = Services\\MPExtended.Services.TVAccessService.Interfaces\\MPExtended.Services.TVAccessService.Interfaces.csproj
		SccProjectTopLevelParentUniqueName6 = MPExtended.sln
		SccProjectName6 = Services/MPExtended.Services.TVAccessService.Interfaces
		SccLocalPath6 = Services\\MPExtended.Services.TVAccessService.Interfaces
		SccProjectUniqueName7 = ServiceHosts\\MPExtended.ServiceHosts.SingleSeat\\MPExtended.ServiceHosts.SingleSeat.csproj
		SccProjectTopLevelParentUniqueName7 = MPExtended.sln
		SccProjectName7 = ServiceHosts/MPExtended.ServiceHosts.SingleSeat
		SccLocalPath7 = ServiceHosts\\MPExtended.ServiceHosts.SingleSeat
		SccProjectUniqueName8 = ServiceHosts\\MPExtended.ServiceHosts.Console.Server\\MPExtended.ServiceHosts.Console.Server.csproj
		SccProjectTopLevelParentUniqueName8 = MPExtended.sln
		SccProjectName8 = ServiceHosts/MPExtended.ServiceHosts.Console.Server
		SccLocalPath8 = ServiceHosts\\MPExtended.ServiceHosts.Console.Server
		SccProjectUniqueName9 = ServiceHosts\\MPExtended.ServiceHosts.Console.Client\\MPExtended.ServiceHosts.Console.Client.csproj
		SccProjectTopLevelParentUniqueName9 = MPExtended.sln
		SccProjectName9 = ServiceHosts/MPExtended.ServiceHosts.Console.Client
		SccLocalPath9 = ServiceHosts\\MPExtended.ServiceHosts.Console.Client
		SccProjectUniqueName10 = ServiceHosts\\MPExtended.ServiceHosts.Console.SingleSeat\\MPExtended.ServiceHosts.Console.SingleSeat.csproj
		SccProjectTopLevelParentUniqueName10 = MPExtended.sln
		SccProjectName10 = ServiceHosts/MPExtended.ServiceHosts.Console.SingleSeat
		SccLocalPath10 = ServiceHosts\\MPExtended.ServiceHosts.Console.SingleSeat
		SccProjectUniqueName11 = ServiceHosts\\MPExtended.ServiceHosts.Client\\MPExtended.ServiceHosts.Client.csproj
		SccProjectTopLevelParentUniqueName11 = MPExtended.sln
		SccProjectName11 = ServiceHosts/MPExtended.ServiceHosts.Client
		SccLocalPath11 = ServiceHosts\\MPExtended.ServiceHosts.Client
		SccProjectUniqueName12 = ServiceHosts\\MPExtended.ServiceHosts.Server\\MPExtended.ServiceHosts.Server.csproj
		SccProjectTopLevelParentUniqueName12 = MPExtended.sln
		SccProjectName12 = ServiceHosts/MPExtended.ServiceHosts.Server
		SccLocalPath12 = ServiceHosts\\MPExtended.ServiceHosts.Server
		SccProjectUniqueName13 = Applications\\MPExtended.Applications.WebMediaPortal\\MPExtended.Applications.WebMediaPortal.csproj
		SccProjectTopLevelParentUniqueName13 = MPExtended.sln
		SccProjectName13 = Applications/MPExtended.Applications.WebMediaPortal
		SccLocalPath13 = Applications\\MPExtended.Applications.WebMediaPortal
		SccProjectUniqueName14 = Libraries\\MPExtended.Libraries.ServiceLib\\MPExtended.Libraries.ServiceLib.csproj
		SccProjectTopLevelParentUniqueName14 = MPExtended.sln
		SccProjectName14 = Libraries/MPExtended.Libraries.ServiceLib
		SccLocalPath14 = Libraries\\MPExtended.Libraries.ServiceLib
		SccProjectUniqueName15 = PlugIns\\MPExtended.PlugIns.MAS.MPMovingPictures\\MPExtended.PlugIns.MAS.MPMovingPictures.csproj
		SccProjectTopLevelParentUniqueName15 = MPExtended.sln
		SccProjectName15 = PlugIns/MPExtended.PlugIns.MAS.MPMovingPictures
		SccLocalPath15 = PlugIns\\MPExtended.PlugIns.MAS.MPMovingPictures
		SccProjectUniqueName16 = PlugIns\\MPExtended.PlugIns.MAS.MPMusic\\MPExtended.PlugIns.MAS.MPMusic.csproj
		SccProjectTopLevelParentUniqueName16 = MPExtended.sln
		SccProjectName16 = PlugIns/MPExtended.PlugIns.MAS.MPMusic
		SccLocalPath16 = PlugIns\\MPExtended.PlugIns.MAS.MPMusic
		SccProjectUniqueName17 = PlugIns\\MPExtended.PlugIns.MAS.MPVideos\\MPExtended.PlugIns.MAS.MPVideos.csproj
		SccProjectTopLevelParentUniqueName17 = MPExtended.sln
		SccProjectName17 = PlugIns/MPExtended.PlugIns.MAS.MPVideos
		SccLocalPath17 = PlugIns\\MPExtended.PlugIns.MAS.MPVideos
		SccProjectUniqueName18 = PlugIns\\MPExtended.PlugIns.MAS.MPTVSeries\\MPExtended.PlugIns.MAS.MPTVSeries.csproj
		SccProjectTopLevelParentUniqueName18 = MPExtended.sln
		SccProjectName18 = PlugIns/MPExtended.PlugIns.MAS.MPTVSeries
		SccLocalPath18 = PlugIns\\MPExtended.PlugIns.MAS.MPTVSeries
		SccProjectUniqueName19 = PlugIns\\MPExtended.PlugIns.MAS.XBMCMusic\\MPExtended.PlugIns.MAS.XBMCMusic.csproj
		SccProjectTopLevelParentUniqueName19 = MPExtended.sln
		SccProjectName19 = PlugIns/MPExtended.PlugIns.MAS.XBMCMusic
		SccLocalPath19 = PlugIns\\MPExtended.PlugIns.MAS.XBMCMusic
		SccProjectUniqueName20 = Libraries\\MPExtended.Libraries.SQLitePlugin\\MPExtended.Libraries.SQLitePlugin.csproj
		SccProjectTopLevelParentUniqueName20 = MPExtended.sln
		SccProjectName20 = Libraries/MPExtended.Libraries.SQLitePlugin
		SccLocalPath20 = Libraries\\MPExtended.Libraries.SQLitePlugin
		SccProjectUniqueName21 = PlugIns\\MPExtended.PlugIns.MAS.LocalFileSystem\\MPExtended.PlugIns.MAS.LocalFileSystem.csproj
		SccProjectTopLevelParentUniqueName21 = MPExtended.sln
		SccProjectName21 = PlugIns/MPExtended.PlugIns.MAS.LocalFileSystem
		SccLocalPath21 = PlugIns\\MPExtended.PlugIns.MAS.LocalFileSystem
		SccProjectUniqueName22 = PlugIns\\MPExtended.PlugIns.MAS.MPShares\\MPExtended.PlugIns.MAS.MPShares.csproj
		SccProjectTopLevelParentUniqueName22 = MPExtended.sln
		SccProjectName22 = PlugIns/MPExtended.PlugIns.MAS.MPShares
		SccLocalPath22 = PlugIns\\MPExtended.PlugIns.MAS.MPShares
		SccProjectUniqueName23 = PlugIns\\MPExtended.PlugIns.MAS.FSPictures\\MPExtended.PlugIns.MAS.FSPictures.csproj
		SccProjectTopLevelParentUniqueName23 = MPExtended.sln
		SccProjectName23 = PlugIns/MPExtended.PlugIns.MAS.FSPictures
		SccLocalPath23 = PlugIns\\MPExtended.PlugIns.MAS.FSPictures
		SccProjectUniqueName24 = Applications\\MPExtended.Applications.Development.DocGen\\MPExtended.Applications.Development.DocGen.csproj
		SccProjectTopLevelParentUniqueName24 = MPExtended.sln
		SccProjectName24 = Applications/MPExtended.Applications.Development.DocGen
		SccLocalPath24 = Applications\\MPExtended.Applications.Development.DocGen
		SccProjectUniqueName25 = Applications\\MPExtended.Applications.Development.InterfaceCheck\\MPExtended.Applications.Development.InterfaceCheck.csproj
		SccProjectTopLevelParentUniqueName25 = MPExtended.sln
		SccProjectName25 = Applications/MPExtended.Applications.Development.InterfaceCheck
		SccLocalPath25 = Applications\\MPExtended.Applications.Development.InterfaceCheck
		SccProjectUniqueName26 = Libraries\\MPExtended.Libraries.General\\MPExtended.Libraries.General.csproj
		SccProjectTopLevelParentUniqueName26 = MPExtended.sln
		SccProjectName26 = Libraries/MPExtended.Libraries.General
		SccLocalPath26 = Libraries\\MPExtended.Libraries.General
		SccProjectUniqueName27 = Applications\\MPExtended.Applications.ServiceConfigurator\\MPExtended.Applications.ServiceConfigurator.csproj
		SccProjectTopLevelParentUniqueName27 = MPExtended.sln
		SccProjectName27 = Applications/MPExtended.Applications.ServiceConfigurator
		SccLocalPath27 = Applications\\MPExtended.Applications.ServiceConfigurator
		SccProjectUniqueName28 = Applications\\MPExtended.Applications.Development.Performance\\MPExtended.Applications.Development.Performance.csproj
		SccProjectTopLevelParentUniqueName28 = MPExtended.sln
		SccProjectName28 = Applications/MPExtended.Applications.Development.Performance
		SccLocalPath28 = Applications\\MPExtended.Applications.Development.Performance
		SccProjectUniqueName29 = Applications\\MPExtended.Applications.Development.StreamingService\\MPExtended.Applications.Development.StreamingService.csproj
		SccProjectTopLevelParentUniqueName29 = MPExtended.sln
		SccProjectName29 = Applications/MPExtended.Applications.Development.StreamingService
		SccLocalPath29 = Applications\\MPExtended.Applications.Development.StreamingService
		SccProjectUniqueName30 = Services\\MPExtended.Services.UserSessionService\\MPExtended.Services.UserSessionService.csproj
		SccProjectTopLevelParentUniqueName30 = MPExtended.sln
		SccProjectName30 = Services/MPExtended.Services.UserSessionService
		SccLocalPath30 = Services\\MPExtended.Services.UserSessionService
		SccProjectUniqueName31 = Services\\MPExtended.Services.UserSessionService.Interfaces\\MPExtended.Services.UserSessionService.Interfaces.csproj
		SccProjectTopLevelParentUniqueName31 = MPExtended.sln
		SccProjectName31 = Services/MPExtended.Services.UserSessionService.Interfaces
		SccLocalPath31 = Services\\MPExtended.Services.UserSessionService.Interfaces
		SccProjectUniqueName32 = Installers\\MPExtended.Installers.Client\\MPExtended.Installers.Client.wixproj
		SccProjectTopLevelParentUniqueName32 = MPExtended.sln
		SccProjectName32 = Installers/MPExtended.Installers.Client
		SccLocalPath32 = Installers\\MPExtended.Installers.Client
		SccProjectUniqueName33 = Installers\\MPExtended.Installers.SingleSeat\\MPExtended.Installers.SingleSeat.wixproj
		SccProjectTopLevelParentUniqueName33 = MPExtended.sln
		SccProjectName33 = Installers/MPExtended.Installers.SingleSeat
		SccLocalPath33 = Installers\\MPExtended.Installers.SingleSeat
		SccProjectUniqueName34 = Installers\\MPExtended.Installers.Server\\MPExtended.Installers.Server.wixproj
		SccProjectTopLevelParentUniqueName34 = MPExtended.sln
		SccProjectName34 = Installers/MPExtended.Installers.Server
		SccLocalPath34 = Installers\\MPExtended.Installers.Server
		SccProjectUniqueName35 = Installers\\MPExtended.Installers.Service\\MPExtended.Installers.Service.wixproj
		SccProjectTopLevelParentUniqueName35 = MPExtended.sln
		SccProjectName35 = Installers/MPExtended.Installers.Service
		SccLocalPath35 = Installers\\MPExtended.Installers.Service
		SccProjectUniqueName36 = Services\\MPExtended.Services.WindowsServiceHost\\MPExtended.Services.WindowsServiceHost.csproj
		SccProjectTopLevelParentUniqueName36 = MPExtended.sln
		SccProjectName36 = Services/MPExtended.Services.WindowsServiceHost
		SccLocalPath36 = Services\\MPExtended.Services.WindowsServiceHost
		SccProjectUniqueName37 = Services\\MPExtended.Services.ConsoleHost\\MPExtended.Services.ConsoleHost.csproj
		SccProjectTopLevelParentUniqueName37 = MPExtended.sln
		SccProjectName37 = Services/MPExtended.Services.ConsoleHost
		SccLocalPath37 = Services\\MPExtended.Services.ConsoleHost
	EndGlobalSection
	GlobalSection(SolutionConfigurationPlatforms) = preSolution
		Debug|Any CPU = Debug|Any CPU
		Debug|Mixed Platforms = Debug|Mixed Platforms
		Debug|x86 = Debug|x86
		Release|Any CPU = Release|Any CPU
		Release|Mixed Platforms = Release|Mixed Platforms
		Release|x86 = Release|x86
	EndGlobalSection
	GlobalSection(ProjectConfigurationPlatforms) = postSolution
		{26CCB930-9F47-4956-B7E9-5B36AC285663}.Debug|Any CPU.ActiveCfg = Debug|Any CPU
		{26CCB930-9F47-4956-B7E9-5B36AC285663}.Debug|Any CPU.Build.0 = Debug|Any CPU
		{26CCB930-9F47-4956-B7E9-5B36AC285663}.Debug|Mixed Platforms.ActiveCfg = Debug|Any CPU
		{26CCB930-9F47-4956-B7E9-5B36AC285663}.Debug|Mixed Platforms.Build.0 = Debug|Any CPU
		{26CCB930-9F47-4956-B7E9-5B36AC285663}.Debug|x86.ActiveCfg = Debug|Any CPU
		{26CCB930-9F47-4956-B7E9-5B36AC285663}.Release|Any CPU.ActiveCfg = Release|Any CPU
		{26CCB930-9F47-4956-B7E9-5B36AC285663}.Release|Any CPU.Build.0 = Release|Any CPU
		{26CCB930-9F47-4956-B7E9-5B36AC285663}.Release|Mixed Platforms.ActiveCfg = Release|Any CPU
		{26CCB930-9F47-4956-B7E9-5B36AC285663}.Release|Mixed Platforms.Build.0 = Release|Any CPU
		{26CCB930-9F47-4956-B7E9-5B36AC285663}.Release|x86.ActiveCfg = Release|Any CPU
		{B7E31CD0-1494-4E60-8AC1-2B4656B44E8C}.Debug|Any CPU.ActiveCfg = Debug|Any CPU
		{B7E31CD0-1494-4E60-8AC1-2B4656B44E8C}.Debug|Any CPU.Build.0 = Debug|Any CPU
		{B7E31CD0-1494-4E60-8AC1-2B4656B44E8C}.Debug|Mixed Platforms.ActiveCfg = Debug|Any CPU
		{B7E31CD0-1494-4E60-8AC1-2B4656B44E8C}.Debug|Mixed Platforms.Build.0 = Debug|Any CPU
		{B7E31CD0-1494-4E60-8AC1-2B4656B44E8C}.Debug|x86.ActiveCfg = Debug|Any CPU
		{B7E31CD0-1494-4E60-8AC1-2B4656B44E8C}.Release|Any CPU.ActiveCfg = Release|Any CPU
		{B7E31CD0-1494-4E60-8AC1-2B4656B44E8C}.Release|Any CPU.Build.0 = Release|Any CPU
		{B7E31CD0-1494-4E60-8AC1-2B4656B44E8C}.Release|Mixed Platforms.ActiveCfg = Release|Any CPU
		{B7E31CD0-1494-4E60-8AC1-2B4656B44E8C}.Release|Mixed Platforms.Build.0 = Release|Any CPU
		{B7E31CD0-1494-4E60-8AC1-2B4656B44E8C}.Release|x86.ActiveCfg = Release|Any CPU
		{DA449FFD-88D4-42FE-A83A-166C7097D825}.Debug|Any CPU.ActiveCfg = Debug|Any CPU
		{DA449FFD-88D4-42FE-A83A-166C7097D825}.Debug|Any CPU.Build.0 = Debug|Any CPU
		{DA449FFD-88D4-42FE-A83A-166C7097D825}.Debug|Mixed Platforms.ActiveCfg = Debug|Any CPU
		{DA449FFD-88D4-42FE-A83A-166C7097D825}.Debug|Mixed Platforms.Build.0 = Debug|Any CPU
		{DA449FFD-88D4-42FE-A83A-166C7097D825}.Debug|x86.ActiveCfg = Debug|Any CPU
		{DA449FFD-88D4-42FE-A83A-166C7097D825}.Release|Any CPU.ActiveCfg = Release|Any CPU
		{DA449FFD-88D4-42FE-A83A-166C7097D825}.Release|Any CPU.Build.0 = Release|Any CPU
		{DA449FFD-88D4-42FE-A83A-166C7097D825}.Release|Mixed Platforms.ActiveCfg = Release|Any CPU
		{DA449FFD-88D4-42FE-A83A-166C7097D825}.Release|Mixed Platforms.Build.0 = Release|Any CPU
		{DA449FFD-88D4-42FE-A83A-166C7097D825}.Release|x86.ActiveCfg = Release|Any CPU
		{3533C60C-F466-43A4-A7EE-633E7A7C3018}.Debug|Any CPU.ActiveCfg = Debug|Any CPU
		{3533C60C-F466-43A4-A7EE-633E7A7C3018}.Debug|Any CPU.Build.0 = Debug|Any CPU
		{3533C60C-F466-43A4-A7EE-633E7A7C3018}.Debug|Mixed Platforms.ActiveCfg = Debug|Any CPU
		{3533C60C-F466-43A4-A7EE-633E7A7C3018}.Debug|Mixed Platforms.Build.0 = Debug|Any CPU
		{3533C60C-F466-43A4-A7EE-633E7A7C3018}.Debug|x86.ActiveCfg = Debug|Any CPU
		{3533C60C-F466-43A4-A7EE-633E7A7C3018}.Release|Any CPU.ActiveCfg = Release|Any CPU
		{3533C60C-F466-43A4-A7EE-633E7A7C3018}.Release|Any CPU.Build.0 = Release|Any CPU
		{3533C60C-F466-43A4-A7EE-633E7A7C3018}.Release|Mixed Platforms.ActiveCfg = Release|Any CPU
		{3533C60C-F466-43A4-A7EE-633E7A7C3018}.Release|Mixed Platforms.Build.0 = Release|Any CPU
		{3533C60C-F466-43A4-A7EE-633E7A7C3018}.Release|x86.ActiveCfg = Release|Any CPU
		{5F3A6BBC-96D8-483B-A246-1DD5118465A9}.Debug|Any CPU.ActiveCfg = Debug|Any CPU
		{5F3A6BBC-96D8-483B-A246-1DD5118465A9}.Debug|Any CPU.Build.0 = Debug|Any CPU
		{5F3A6BBC-96D8-483B-A246-1DD5118465A9}.Debug|Mixed Platforms.ActiveCfg = Debug|Any CPU
		{5F3A6BBC-96D8-483B-A246-1DD5118465A9}.Debug|Mixed Platforms.Build.0 = Debug|Any CPU
		{5F3A6BBC-96D8-483B-A246-1DD5118465A9}.Debug|x86.ActiveCfg = Debug|Any CPU
		{5F3A6BBC-96D8-483B-A246-1DD5118465A9}.Release|Any CPU.ActiveCfg = Release|Any CPU
		{5F3A6BBC-96D8-483B-A246-1DD5118465A9}.Release|Any CPU.Build.0 = Release|Any CPU
		{5F3A6BBC-96D8-483B-A246-1DD5118465A9}.Release|Mixed Platforms.ActiveCfg = Release|Any CPU
		{5F3A6BBC-96D8-483B-A246-1DD5118465A9}.Release|Mixed Platforms.Build.0 = Release|Any CPU
		{5F3A6BBC-96D8-483B-A246-1DD5118465A9}.Release|x86.ActiveCfg = Release|Any CPU
		{9FB7E014-F37F-4EFF-BD72-95B1DFD7CB67}.Debug|Any CPU.ActiveCfg = Debug|Any CPU
		{9FB7E014-F37F-4EFF-BD72-95B1DFD7CB67}.Debug|Any CPU.Build.0 = Debug|Any CPU
		{9FB7E014-F37F-4EFF-BD72-95B1DFD7CB67}.Debug|Mixed Platforms.ActiveCfg = Debug|Any CPU
		{9FB7E014-F37F-4EFF-BD72-95B1DFD7CB67}.Debug|Mixed Platforms.Build.0 = Debug|Any CPU
		{9FB7E014-F37F-4EFF-BD72-95B1DFD7CB67}.Debug|x86.ActiveCfg = Debug|Any CPU
		{9FB7E014-F37F-4EFF-BD72-95B1DFD7CB67}.Release|Any CPU.ActiveCfg = Release|Any CPU
		{9FB7E014-F37F-4EFF-BD72-95B1DFD7CB67}.Release|Any CPU.Build.0 = Release|Any CPU
		{9FB7E014-F37F-4EFF-BD72-95B1DFD7CB67}.Release|Mixed Platforms.ActiveCfg = Release|Any CPU
		{9FB7E014-F37F-4EFF-BD72-95B1DFD7CB67}.Release|Mixed Platforms.Build.0 = Release|Any CPU
		{9FB7E014-F37F-4EFF-BD72-95B1DFD7CB67}.Release|x86.ActiveCfg = Release|Any CPU
		{245E9751-BDD9-4E94-A114-1D6832CE26DD}.Debug|Any CPU.ActiveCfg = Debug|x86
		{245E9751-BDD9-4E94-A114-1D6832CE26DD}.Debug|Mixed Platforms.ActiveCfg = Debug|x86
		{245E9751-BDD9-4E94-A114-1D6832CE26DD}.Debug|Mixed Platforms.Build.0 = Debug|x86
		{245E9751-BDD9-4E94-A114-1D6832CE26DD}.Debug|x86.ActiveCfg = Debug|x86
		{245E9751-BDD9-4E94-A114-1D6832CE26DD}.Debug|x86.Build.0 = Debug|x86
		{245E9751-BDD9-4E94-A114-1D6832CE26DD}.Release|Any CPU.ActiveCfg = Release|x86
		{245E9751-BDD9-4E94-A114-1D6832CE26DD}.Release|Mixed Platforms.ActiveCfg = Release|x86
		{245E9751-BDD9-4E94-A114-1D6832CE26DD}.Release|Mixed Platforms.Build.0 = Release|x86
		{245E9751-BDD9-4E94-A114-1D6832CE26DD}.Release|x86.ActiveCfg = Release|x86
		{245E9751-BDD9-4E94-A114-1D6832CE26DD}.Release|x86.Build.0 = Release|x86
		{3B1CE041-0FA3-4D71-9AA3-C6655B526259}.Debug|Any CPU.ActiveCfg = Debug|x86
		{3B1CE041-0FA3-4D71-9AA3-C6655B526259}.Debug|Mixed Platforms.ActiveCfg = Debug|x86
		{3B1CE041-0FA3-4D71-9AA3-C6655B526259}.Debug|Mixed Platforms.Build.0 = Debug|x86
		{3B1CE041-0FA3-4D71-9AA3-C6655B526259}.Debug|x86.ActiveCfg = Debug|x86
		{3B1CE041-0FA3-4D71-9AA3-C6655B526259}.Debug|x86.Build.0 = Debug|x86
		{3B1CE041-0FA3-4D71-9AA3-C6655B526259}.Release|Any CPU.ActiveCfg = Release|x86
		{3B1CE041-0FA3-4D71-9AA3-C6655B526259}.Release|Mixed Platforms.ActiveCfg = Release|x86
		{3B1CE041-0FA3-4D71-9AA3-C6655B526259}.Release|Mixed Platforms.Build.0 = Release|x86
		{3B1CE041-0FA3-4D71-9AA3-C6655B526259}.Release|x86.ActiveCfg = Release|x86
		{3B1CE041-0FA3-4D71-9AA3-C6655B526259}.Release|x86.Build.0 = Release|x86
		{2FB38DB7-155E-4BA8-A292-2022DE08105A}.Debug|Any CPU.ActiveCfg = Debug|x86
		{2FB38DB7-155E-4BA8-A292-2022DE08105A}.Debug|Mixed Platforms.ActiveCfg = Debug|x86
		{2FB38DB7-155E-4BA8-A292-2022DE08105A}.Debug|Mixed Platforms.Build.0 = Debug|x86
		{2FB38DB7-155E-4BA8-A292-2022DE08105A}.Debug|x86.ActiveCfg = Debug|x86
		{2FB38DB7-155E-4BA8-A292-2022DE08105A}.Debug|x86.Build.0 = Debug|x86
		{2FB38DB7-155E-4BA8-A292-2022DE08105A}.Release|Any CPU.ActiveCfg = Release|x86
		{2FB38DB7-155E-4BA8-A292-2022DE08105A}.Release|Mixed Platforms.ActiveCfg = Release|x86
		{2FB38DB7-155E-4BA8-A292-2022DE08105A}.Release|Mixed Platforms.Build.0 = Release|x86
		{2FB38DB7-155E-4BA8-A292-2022DE08105A}.Release|x86.ActiveCfg = Release|x86
		{2FB38DB7-155E-4BA8-A292-2022DE08105A}.Release|x86.Build.0 = Release|x86
		{C3392739-1A84-4864-BB0C-F7CE02203B23}.Debug|Any CPU.ActiveCfg = Debug|x86
		{C3392739-1A84-4864-BB0C-F7CE02203B23}.Debug|Mixed Platforms.ActiveCfg = Debug|x86
		{C3392739-1A84-4864-BB0C-F7CE02203B23}.Debug|Mixed Platforms.Build.0 = Debug|x86
		{C3392739-1A84-4864-BB0C-F7CE02203B23}.Debug|x86.ActiveCfg = Debug|x86
		{C3392739-1A84-4864-BB0C-F7CE02203B23}.Debug|x86.Build.0 = Debug|x86
		{C3392739-1A84-4864-BB0C-F7CE02203B23}.Release|Any CPU.ActiveCfg = Release|x86
		{C3392739-1A84-4864-BB0C-F7CE02203B23}.Release|Mixed Platforms.ActiveCfg = Release|x86
		{C3392739-1A84-4864-BB0C-F7CE02203B23}.Release|Mixed Platforms.Build.0 = Release|x86
		{C3392739-1A84-4864-BB0C-F7CE02203B23}.Release|x86.ActiveCfg = Release|x86
		{C3392739-1A84-4864-BB0C-F7CE02203B23}.Release|x86.Build.0 = Release|x86
		{D77D182C-D095-43B5-8564-1FF9E4967838}.Debug|Any CPU.ActiveCfg = Debug|x86
		{D77D182C-D095-43B5-8564-1FF9E4967838}.Debug|Mixed Platforms.ActiveCfg = Debug|x86
		{D77D182C-D095-43B5-8564-1FF9E4967838}.Debug|Mixed Platforms.Build.0 = Debug|x86
		{D77D182C-D095-43B5-8564-1FF9E4967838}.Debug|x86.ActiveCfg = Debug|x86
		{D77D182C-D095-43B5-8564-1FF9E4967838}.Debug|x86.Build.0 = Debug|x86
		{D77D182C-D095-43B5-8564-1FF9E4967838}.Release|Any CPU.ActiveCfg = Release|x86
		{D77D182C-D095-43B5-8564-1FF9E4967838}.Release|Mixed Platforms.ActiveCfg = Release|x86
		{D77D182C-D095-43B5-8564-1FF9E4967838}.Release|Mixed Platforms.Build.0 = Release|x86
		{D77D182C-D095-43B5-8564-1FF9E4967838}.Release|x86.ActiveCfg = Release|x86
		{D77D182C-D095-43B5-8564-1FF9E4967838}.Release|x86.Build.0 = Release|x86
		{D1B78750-D906-4621-8C2F-50E2C19124A1}.Debug|Any CPU.ActiveCfg = Debug|x86
		{D1B78750-D906-4621-8C2F-50E2C19124A1}.Debug|Mixed Platforms.ActiveCfg = Debug|x86
		{D1B78750-D906-4621-8C2F-50E2C19124A1}.Debug|Mixed Platforms.Build.0 = Debug|x86
		{D1B78750-D906-4621-8C2F-50E2C19124A1}.Debug|x86.ActiveCfg = Debug|x86
		{D1B78750-D906-4621-8C2F-50E2C19124A1}.Debug|x86.Build.0 = Debug|x86
		{D1B78750-D906-4621-8C2F-50E2C19124A1}.Release|Any CPU.ActiveCfg = Release|x86
		{D1B78750-D906-4621-8C2F-50E2C19124A1}.Release|Mixed Platforms.ActiveCfg = Release|x86
		{D1B78750-D906-4621-8C2F-50E2C19124A1}.Release|Mixed Platforms.Build.0 = Release|x86
		{D1B78750-D906-4621-8C2F-50E2C19124A1}.Release|x86.ActiveCfg = Release|x86
		{D1B78750-D906-4621-8C2F-50E2C19124A1}.Release|x86.Build.0 = Release|x86
		{93F758FE-66B6-4C5D-B15D-7B31BC4964A8}.Debug|Any CPU.ActiveCfg = Debug|Any CPU
		{93F758FE-66B6-4C5D-B15D-7B31BC4964A8}.Debug|Any CPU.Build.0 = Debug|Any CPU
		{93F758FE-66B6-4C5D-B15D-7B31BC4964A8}.Debug|Mixed Platforms.ActiveCfg = Debug|Any CPU
		{93F758FE-66B6-4C5D-B15D-7B31BC4964A8}.Debug|Mixed Platforms.Build.0 = Debug|Any CPU
		{93F758FE-66B6-4C5D-B15D-7B31BC4964A8}.Debug|x86.ActiveCfg = Debug|Any CPU
		{93F758FE-66B6-4C5D-B15D-7B31BC4964A8}.Release|Any CPU.ActiveCfg = Release|Any CPU
		{93F758FE-66B6-4C5D-B15D-7B31BC4964A8}.Release|Any CPU.Build.0 = Release|Any CPU
		{93F758FE-66B6-4C5D-B15D-7B31BC4964A8}.Release|Mixed Platforms.ActiveCfg = Release|Any CPU
		{93F758FE-66B6-4C5D-B15D-7B31BC4964A8}.Release|Mixed Platforms.Build.0 = Release|Any CPU
		{93F758FE-66B6-4C5D-B15D-7B31BC4964A8}.Release|x86.ActiveCfg = Release|Any CPU
		{CEA12075-6DD2-442D-96F8-88A77EDCC16D}.Debug|Any CPU.ActiveCfg = Debug|Any CPU
		{CEA12075-6DD2-442D-96F8-88A77EDCC16D}.Debug|Any CPU.Build.0 = Debug|Any CPU
		{CEA12075-6DD2-442D-96F8-88A77EDCC16D}.Debug|Mixed Platforms.ActiveCfg = Debug|Any CPU
		{CEA12075-6DD2-442D-96F8-88A77EDCC16D}.Debug|Mixed Platforms.Build.0 = Debug|Any CPU
		{CEA12075-6DD2-442D-96F8-88A77EDCC16D}.Debug|x86.ActiveCfg = Debug|Any CPU
		{CEA12075-6DD2-442D-96F8-88A77EDCC16D}.Release|Any CPU.ActiveCfg = Release|Any CPU
		{CEA12075-6DD2-442D-96F8-88A77EDCC16D}.Release|Any CPU.Build.0 = Release|Any CPU
		{CEA12075-6DD2-442D-96F8-88A77EDCC16D}.Release|Mixed Platforms.ActiveCfg = Release|Any CPU
		{CEA12075-6DD2-442D-96F8-88A77EDCC16D}.Release|Mixed Platforms.Build.0 = Release|Any CPU
		{CEA12075-6DD2-442D-96F8-88A77EDCC16D}.Release|x86.ActiveCfg = Release|Any CPU
		{EFE0F9B5-D937-44F5-9293-9C6A82C15747}.Debug|Any CPU.ActiveCfg = Debug|Any CPU
		{EFE0F9B5-D937-44F5-9293-9C6A82C15747}.Debug|Any CPU.Build.0 = Debug|Any CPU
		{EFE0F9B5-D937-44F5-9293-9C6A82C15747}.Debug|Mixed Platforms.ActiveCfg = Debug|Any CPU
		{EFE0F9B5-D937-44F5-9293-9C6A82C15747}.Debug|Mixed Platforms.Build.0 = Debug|Any CPU
		{EFE0F9B5-D937-44F5-9293-9C6A82C15747}.Debug|x86.ActiveCfg = Debug|Any CPU
		{EFE0F9B5-D937-44F5-9293-9C6A82C15747}.Release|Any CPU.ActiveCfg = Release|Any CPU
		{EFE0F9B5-D937-44F5-9293-9C6A82C15747}.Release|Any CPU.Build.0 = Release|Any CPU
		{EFE0F9B5-D937-44F5-9293-9C6A82C15747}.Release|Mixed Platforms.ActiveCfg = Release|Any CPU
		{EFE0F9B5-D937-44F5-9293-9C6A82C15747}.Release|Mixed Platforms.Build.0 = Release|Any CPU
		{EFE0F9B5-D937-44F5-9293-9C6A82C15747}.Release|x86.ActiveCfg = Release|Any CPU
		{243E120B-20C2-4D9C-9874-196C8B120E9D}.Debug|Any CPU.ActiveCfg = Debug|Any CPU
		{243E120B-20C2-4D9C-9874-196C8B120E9D}.Debug|Any CPU.Build.0 = Debug|Any CPU
		{243E120B-20C2-4D9C-9874-196C8B120E9D}.Debug|Mixed Platforms.ActiveCfg = Debug|Any CPU
		{243E120B-20C2-4D9C-9874-196C8B120E9D}.Debug|Mixed Platforms.Build.0 = Debug|Any CPU
		{243E120B-20C2-4D9C-9874-196C8B120E9D}.Debug|x86.ActiveCfg = Debug|Any CPU
		{243E120B-20C2-4D9C-9874-196C8B120E9D}.Release|Any CPU.ActiveCfg = Release|Any CPU
		{243E120B-20C2-4D9C-9874-196C8B120E9D}.Release|Any CPU.Build.0 = Release|Any CPU
		{243E120B-20C2-4D9C-9874-196C8B120E9D}.Release|Mixed Platforms.ActiveCfg = Release|Any CPU
		{243E120B-20C2-4D9C-9874-196C8B120E9D}.Release|Mixed Platforms.Build.0 = Release|Any CPU
		{243E120B-20C2-4D9C-9874-196C8B120E9D}.Release|x86.ActiveCfg = Release|Any CPU
		{7304D17F-85F1-4C5A-8D55-B3599B4B2759}.Debug|Any CPU.ActiveCfg = Debug|Any CPU
		{7304D17F-85F1-4C5A-8D55-B3599B4B2759}.Debug|Any CPU.Build.0 = Debug|Any CPU
		{7304D17F-85F1-4C5A-8D55-B3599B4B2759}.Debug|Mixed Platforms.ActiveCfg = Debug|Any CPU
		{7304D17F-85F1-4C5A-8D55-B3599B4B2759}.Debug|Mixed Platforms.Build.0 = Debug|Any CPU
		{7304D17F-85F1-4C5A-8D55-B3599B4B2759}.Debug|x86.ActiveCfg = Debug|Any CPU
		{7304D17F-85F1-4C5A-8D55-B3599B4B2759}.Release|Any CPU.ActiveCfg = Release|Any CPU
		{7304D17F-85F1-4C5A-8D55-B3599B4B2759}.Release|Any CPU.Build.0 = Release|Any CPU
		{7304D17F-85F1-4C5A-8D55-B3599B4B2759}.Release|Mixed Platforms.ActiveCfg = Release|Any CPU
		{7304D17F-85F1-4C5A-8D55-B3599B4B2759}.Release|Mixed Platforms.Build.0 = Release|Any CPU
		{7304D17F-85F1-4C5A-8D55-B3599B4B2759}.Release|x86.ActiveCfg = Release|Any CPU
		{77C38FB8-C17E-444E-A3AE-1F8B713875CC}.Debug|Any CPU.ActiveCfg = Debug|Any CPU
		{77C38FB8-C17E-444E-A3AE-1F8B713875CC}.Debug|Any CPU.Build.0 = Debug|Any CPU
		{77C38FB8-C17E-444E-A3AE-1F8B713875CC}.Debug|Mixed Platforms.ActiveCfg = Debug|Any CPU
		{77C38FB8-C17E-444E-A3AE-1F8B713875CC}.Debug|Mixed Platforms.Build.0 = Debug|Any CPU
		{77C38FB8-C17E-444E-A3AE-1F8B713875CC}.Debug|x86.ActiveCfg = Debug|Any CPU
		{77C38FB8-C17E-444E-A3AE-1F8B713875CC}.Release|Any CPU.ActiveCfg = Release|Any CPU
		{77C38FB8-C17E-444E-A3AE-1F8B713875CC}.Release|Any CPU.Build.0 = Release|Any CPU
		{77C38FB8-C17E-444E-A3AE-1F8B713875CC}.Release|Mixed Platforms.ActiveCfg = Release|Any CPU
		{77C38FB8-C17E-444E-A3AE-1F8B713875CC}.Release|Mixed Platforms.Build.0 = Release|Any CPU
		{77C38FB8-C17E-444E-A3AE-1F8B713875CC}.Release|x86.ActiveCfg = Release|Any CPU
		{52DBD781-2509-4ABB-8B97-7FE5F6635AC3}.Debug|Any CPU.ActiveCfg = Debug|Any CPU
		{52DBD781-2509-4ABB-8B97-7FE5F6635AC3}.Debug|Any CPU.Build.0 = Debug|Any CPU
		{52DBD781-2509-4ABB-8B97-7FE5F6635AC3}.Debug|Mixed Platforms.ActiveCfg = Debug|Any CPU
		{52DBD781-2509-4ABB-8B97-7FE5F6635AC3}.Debug|Mixed Platforms.Build.0 = Debug|Any CPU
		{52DBD781-2509-4ABB-8B97-7FE5F6635AC3}.Debug|x86.ActiveCfg = Debug|Any CPU
		{52DBD781-2509-4ABB-8B97-7FE5F6635AC3}.Release|Any CPU.ActiveCfg = Release|Any CPU
		{52DBD781-2509-4ABB-8B97-7FE5F6635AC3}.Release|Any CPU.Build.0 = Release|Any CPU
		{52DBD781-2509-4ABB-8B97-7FE5F6635AC3}.Release|Mixed Platforms.ActiveCfg = Release|Any CPU
		{52DBD781-2509-4ABB-8B97-7FE5F6635AC3}.Release|Mixed Platforms.Build.0 = Release|Any CPU
		{52DBD781-2509-4ABB-8B97-7FE5F6635AC3}.Release|x86.ActiveCfg = Release|Any CPU
		{19467BF5-89FA-4BA3-A4C3-3A382573A20F}.Debug|Any CPU.ActiveCfg = Debug|Any CPU
		{19467BF5-89FA-4BA3-A4C3-3A382573A20F}.Debug|Any CPU.Build.0 = Debug|Any CPU
		{19467BF5-89FA-4BA3-A4C3-3A382573A20F}.Debug|Mixed Platforms.ActiveCfg = Debug|Any CPU
		{19467BF5-89FA-4BA3-A4C3-3A382573A20F}.Debug|Mixed Platforms.Build.0 = Debug|Any CPU
		{19467BF5-89FA-4BA3-A4C3-3A382573A20F}.Debug|x86.ActiveCfg = Debug|Any CPU
		{19467BF5-89FA-4BA3-A4C3-3A382573A20F}.Release|Any CPU.ActiveCfg = Release|Any CPU
		{19467BF5-89FA-4BA3-A4C3-3A382573A20F}.Release|Any CPU.Build.0 = Release|Any CPU
		{19467BF5-89FA-4BA3-A4C3-3A382573A20F}.Release|Mixed Platforms.ActiveCfg = Release|Any CPU
		{19467BF5-89FA-4BA3-A4C3-3A382573A20F}.Release|Mixed Platforms.Build.0 = Release|Any CPU
		{19467BF5-89FA-4BA3-A4C3-3A382573A20F}.Release|x86.ActiveCfg = Release|Any CPU
		{456F3244-967E-4732-A2C4-0219B85521DC}.Debug|Any CPU.ActiveCfg = Debug|Any CPU
		{456F3244-967E-4732-A2C4-0219B85521DC}.Debug|Any CPU.Build.0 = Debug|Any CPU
		{456F3244-967E-4732-A2C4-0219B85521DC}.Debug|Mixed Platforms.ActiveCfg = Debug|Any CPU
		{456F3244-967E-4732-A2C4-0219B85521DC}.Debug|Mixed Platforms.Build.0 = Debug|Any CPU
		{456F3244-967E-4732-A2C4-0219B85521DC}.Debug|x86.ActiveCfg = Debug|Any CPU
		{456F3244-967E-4732-A2C4-0219B85521DC}.Release|Any CPU.ActiveCfg = Release|Any CPU
		{456F3244-967E-4732-A2C4-0219B85521DC}.Release|Any CPU.Build.0 = Release|Any CPU
		{456F3244-967E-4732-A2C4-0219B85521DC}.Release|Mixed Platforms.ActiveCfg = Release|Any CPU
		{456F3244-967E-4732-A2C4-0219B85521DC}.Release|Mixed Platforms.Build.0 = Release|Any CPU
		{456F3244-967E-4732-A2C4-0219B85521DC}.Release|x86.ActiveCfg = Release|Any CPU
		{B2D5800A-85CE-45CD-AFAA-492B52AD67BB}.Debug|Any CPU.ActiveCfg = Debug|Any CPU
		{B2D5800A-85CE-45CD-AFAA-492B52AD67BB}.Debug|Any CPU.Build.0 = Debug|Any CPU
		{B2D5800A-85CE-45CD-AFAA-492B52AD67BB}.Debug|Mixed Platforms.ActiveCfg = Debug|Any CPU
		{B2D5800A-85CE-45CD-AFAA-492B52AD67BB}.Debug|Mixed Platforms.Build.0 = Debug|Any CPU
		{B2D5800A-85CE-45CD-AFAA-492B52AD67BB}.Debug|x86.ActiveCfg = Debug|Any CPU
		{B2D5800A-85CE-45CD-AFAA-492B52AD67BB}.Release|Any CPU.ActiveCfg = Release|Any CPU
		{B2D5800A-85CE-45CD-AFAA-492B52AD67BB}.Release|Any CPU.Build.0 = Release|Any CPU
		{B2D5800A-85CE-45CD-AFAA-492B52AD67BB}.Release|Mixed Platforms.ActiveCfg = Release|Any CPU
		{B2D5800A-85CE-45CD-AFAA-492B52AD67BB}.Release|Mixed Platforms.Build.0 = Release|Any CPU
		{B2D5800A-85CE-45CD-AFAA-492B52AD67BB}.Release|x86.ActiveCfg = Release|Any CPU
		{D08E4B27-E77C-4258-B050-333D42AA7362}.Debug|Any CPU.ActiveCfg = Debug|Any CPU
		{D08E4B27-E77C-4258-B050-333D42AA7362}.Debug|Any CPU.Build.0 = Debug|Any CPU
		{D08E4B27-E77C-4258-B050-333D42AA7362}.Debug|Mixed Platforms.ActiveCfg = Debug|Any CPU
		{D08E4B27-E77C-4258-B050-333D42AA7362}.Debug|Mixed Platforms.Build.0 = Debug|Any CPU
		{D08E4B27-E77C-4258-B050-333D42AA7362}.Debug|x86.ActiveCfg = Debug|Any CPU
		{D08E4B27-E77C-4258-B050-333D42AA7362}.Release|Any CPU.ActiveCfg = Release|Any CPU
		{D08E4B27-E77C-4258-B050-333D42AA7362}.Release|Any CPU.Build.0 = Release|Any CPU
		{D08E4B27-E77C-4258-B050-333D42AA7362}.Release|Mixed Platforms.ActiveCfg = Release|Any CPU
		{D08E4B27-E77C-4258-B050-333D42AA7362}.Release|Mixed Platforms.Build.0 = Release|Any CPU
		{D08E4B27-E77C-4258-B050-333D42AA7362}.Release|x86.ActiveCfg = Release|Any CPU
		{0B852F64-7C0E-4555-A20D-0F0ABF337255}.Debug|Any CPU.ActiveCfg = Debug|x86
		{0B852F64-7C0E-4555-A20D-0F0ABF337255}.Debug|Mixed Platforms.ActiveCfg = Debug|x86
		{0B852F64-7C0E-4555-A20D-0F0ABF337255}.Debug|Mixed Platforms.Build.0 = Debug|x86
		{0B852F64-7C0E-4555-A20D-0F0ABF337255}.Debug|x86.ActiveCfg = Debug|x86
		{0B852F64-7C0E-4555-A20D-0F0ABF337255}.Debug|x86.Build.0 = Debug|x86
		{0B852F64-7C0E-4555-A20D-0F0ABF337255}.Release|Any CPU.ActiveCfg = Release|x86
		{0B852F64-7C0E-4555-A20D-0F0ABF337255}.Release|Mixed Platforms.ActiveCfg = Release|x86
		{0B852F64-7C0E-4555-A20D-0F0ABF337255}.Release|Mixed Platforms.Build.0 = Release|x86
		{0B852F64-7C0E-4555-A20D-0F0ABF337255}.Release|x86.ActiveCfg = Release|x86
		{0B852F64-7C0E-4555-A20D-0F0ABF337255}.Release|x86.Build.0 = Release|x86
		{9FE6B2C9-0635-452D-B6E2-577D1A2EF988}.Debug|Any CPU.ActiveCfg = Debug|x86
		{9FE6B2C9-0635-452D-B6E2-577D1A2EF988}.Debug|Mixed Platforms.ActiveCfg = Debug|x86
		{9FE6B2C9-0635-452D-B6E2-577D1A2EF988}.Debug|Mixed Platforms.Build.0 = Debug|x86
		{9FE6B2C9-0635-452D-B6E2-577D1A2EF988}.Debug|x86.ActiveCfg = Debug|x86
		{9FE6B2C9-0635-452D-B6E2-577D1A2EF988}.Debug|x86.Build.0 = Debug|x86
		{9FE6B2C9-0635-452D-B6E2-577D1A2EF988}.Release|Any CPU.ActiveCfg = Release|x86
		{9FE6B2C9-0635-452D-B6E2-577D1A2EF988}.Release|Mixed Platforms.ActiveCfg = Release|x86
		{9FE6B2C9-0635-452D-B6E2-577D1A2EF988}.Release|Mixed Platforms.Build.0 = Release|x86
		{9FE6B2C9-0635-452D-B6E2-577D1A2EF988}.Release|x86.ActiveCfg = Release|x86
		{9FE6B2C9-0635-452D-B6E2-577D1A2EF988}.Release|x86.Build.0 = Release|x86
		{98732EF2-81BD-4194-B718-DB356B03306F}.Debug|Any CPU.ActiveCfg = Debug|Any CPU
		{98732EF2-81BD-4194-B718-DB356B03306F}.Debug|Any CPU.Build.0 = Debug|Any CPU
		{98732EF2-81BD-4194-B718-DB356B03306F}.Debug|Mixed Platforms.ActiveCfg = Debug|Any CPU
		{98732EF2-81BD-4194-B718-DB356B03306F}.Debug|Mixed Platforms.Build.0 = Debug|Any CPU
		{98732EF2-81BD-4194-B718-DB356B03306F}.Debug|x86.ActiveCfg = Debug|Any CPU
		{98732EF2-81BD-4194-B718-DB356B03306F}.Release|Any CPU.ActiveCfg = Release|Any CPU
		{98732EF2-81BD-4194-B718-DB356B03306F}.Release|Any CPU.Build.0 = Release|Any CPU
		{98732EF2-81BD-4194-B718-DB356B03306F}.Release|Mixed Platforms.ActiveCfg = Release|Any CPU
		{98732EF2-81BD-4194-B718-DB356B03306F}.Release|Mixed Platforms.Build.0 = Release|Any CPU
		{98732EF2-81BD-4194-B718-DB356B03306F}.Release|x86.ActiveCfg = Release|Any CPU
		{EDD71CEF-C318-4229-9427-DD822C6EDEB1}.Debug|Any CPU.ActiveCfg = Debug|x86
		{EDD71CEF-C318-4229-9427-DD822C6EDEB1}.Debug|Mixed Platforms.ActiveCfg = Debug|x86
		{EDD71CEF-C318-4229-9427-DD822C6EDEB1}.Debug|Mixed Platforms.Build.0 = Debug|x86
		{EDD71CEF-C318-4229-9427-DD822C6EDEB1}.Debug|x86.ActiveCfg = Debug|x86
		{EDD71CEF-C318-4229-9427-DD822C6EDEB1}.Debug|x86.Build.0 = Debug|x86
		{EDD71CEF-C318-4229-9427-DD822C6EDEB1}.Release|Any CPU.ActiveCfg = Release|x86
		{EDD71CEF-C318-4229-9427-DD822C6EDEB1}.Release|Mixed Platforms.ActiveCfg = Release|x86
		{EDD71CEF-C318-4229-9427-DD822C6EDEB1}.Release|Mixed Platforms.Build.0 = Release|x86
		{EDD71CEF-C318-4229-9427-DD822C6EDEB1}.Release|x86.ActiveCfg = Release|x86
		{EDD71CEF-C318-4229-9427-DD822C6EDEB1}.Release|x86.Build.0 = Release|x86
		{ABA99ADC-5086-4320-95B8-1ACDBF55C8BF}.Debug|Any CPU.ActiveCfg = Debug|x86
		{ABA99ADC-5086-4320-95B8-1ACDBF55C8BF}.Debug|Mixed Platforms.ActiveCfg = Debug|x86
		{ABA99ADC-5086-4320-95B8-1ACDBF55C8BF}.Debug|Mixed Platforms.Build.0 = Debug|x86
		{ABA99ADC-5086-4320-95B8-1ACDBF55C8BF}.Debug|x86.ActiveCfg = Debug|x86
		{ABA99ADC-5086-4320-95B8-1ACDBF55C8BF}.Debug|x86.Build.0 = Debug|x86
		{ABA99ADC-5086-4320-95B8-1ACDBF55C8BF}.Release|Any CPU.ActiveCfg = Release|x86
		{ABA99ADC-5086-4320-95B8-1ACDBF55C8BF}.Release|Mixed Platforms.ActiveCfg = Release|x86
		{ABA99ADC-5086-4320-95B8-1ACDBF55C8BF}.Release|Mixed Platforms.Build.0 = Release|x86
		{ABA99ADC-5086-4320-95B8-1ACDBF55C8BF}.Release|x86.ActiveCfg = Release|x86
		{ABA99ADC-5086-4320-95B8-1ACDBF55C8BF}.Release|x86.Build.0 = Release|x86
		{1E43D575-56AE-4F75-8FA0-D0EDC8501933}.Debug|Any CPU.ActiveCfg = Debug|x86
		{1E43D575-56AE-4F75-8FA0-D0EDC8501933}.Debug|Mixed Platforms.ActiveCfg = Debug|x86
		{1E43D575-56AE-4F75-8FA0-D0EDC8501933}.Debug|Mixed Platforms.Build.0 = Debug|x86
		{1E43D575-56AE-4F75-8FA0-D0EDC8501933}.Debug|x86.ActiveCfg = Debug|x86
		{1E43D575-56AE-4F75-8FA0-D0EDC8501933}.Debug|x86.Build.0 = Debug|x86
		{1E43D575-56AE-4F75-8FA0-D0EDC8501933}.Release|Any CPU.ActiveCfg = Release|x86
		{1E43D575-56AE-4F75-8FA0-D0EDC8501933}.Release|Mixed Platforms.ActiveCfg = Release|x86
		{1E43D575-56AE-4F75-8FA0-D0EDC8501933}.Release|Mixed Platforms.Build.0 = Release|x86
		{1E43D575-56AE-4F75-8FA0-D0EDC8501933}.Release|x86.ActiveCfg = Release|x86
		{1E43D575-56AE-4F75-8FA0-D0EDC8501933}.Release|x86.Build.0 = Release|x86
		{26B34D42-CA8B-44BF-A282-E516E2C22588}.Debug|Any CPU.ActiveCfg = Debug|Any CPU
		{26B34D42-CA8B-44BF-A282-E516E2C22588}.Debug|Any CPU.Build.0 = Debug|Any CPU
		{26B34D42-CA8B-44BF-A282-E516E2C22588}.Debug|Mixed Platforms.ActiveCfg = Debug|Any CPU
		{26B34D42-CA8B-44BF-A282-E516E2C22588}.Debug|Mixed Platforms.Build.0 = Debug|Any CPU
		{26B34D42-CA8B-44BF-A282-E516E2C22588}.Debug|x86.ActiveCfg = Debug|Any CPU
		{26B34D42-CA8B-44BF-A282-E516E2C22588}.Release|Any CPU.ActiveCfg = Release|Any CPU
		{26B34D42-CA8B-44BF-A282-E516E2C22588}.Release|Any CPU.Build.0 = Release|Any CPU
		{26B34D42-CA8B-44BF-A282-E516E2C22588}.Release|Mixed Platforms.ActiveCfg = Release|Any CPU
		{26B34D42-CA8B-44BF-A282-E516E2C22588}.Release|Mixed Platforms.Build.0 = Release|Any CPU
		{26B34D42-CA8B-44BF-A282-E516E2C22588}.Release|x86.ActiveCfg = Release|Any CPU
		{CC3525EA-0721-4299-991B-1C7E01A15E6B}.Debug|Any CPU.ActiveCfg = Debug|Any CPU
		{CC3525EA-0721-4299-991B-1C7E01A15E6B}.Debug|Any CPU.Build.0 = Debug|Any CPU
		{CC3525EA-0721-4299-991B-1C7E01A15E6B}.Debug|Mixed Platforms.ActiveCfg = Debug|Any CPU
		{CC3525EA-0721-4299-991B-1C7E01A15E6B}.Debug|Mixed Platforms.Build.0 = Debug|Any CPU
		{CC3525EA-0721-4299-991B-1C7E01A15E6B}.Debug|x86.ActiveCfg = Debug|Any CPU
		{CC3525EA-0721-4299-991B-1C7E01A15E6B}.Release|Any CPU.ActiveCfg = Release|Any CPU
		{CC3525EA-0721-4299-991B-1C7E01A15E6B}.Release|Any CPU.Build.0 = Release|Any CPU
		{CC3525EA-0721-4299-991B-1C7E01A15E6B}.Release|Mixed Platforms.ActiveCfg = Release|Any CPU
		{CC3525EA-0721-4299-991B-1C7E01A15E6B}.Release|Mixed Platforms.Build.0 = Release|Any CPU
		{CC3525EA-0721-4299-991B-1C7E01A15E6B}.Release|x86.ActiveCfg = Release|Any CPU
		{8CF51F45-7F45-4473-920D-F0DC12CB6BF8}.Debug|Any CPU.ActiveCfg = Debug|x86
		{8CF51F45-7F45-4473-920D-F0DC12CB6BF8}.Debug|Mixed Platforms.ActiveCfg = Debug|x86
		{8CF51F45-7F45-4473-920D-F0DC12CB6BF8}.Debug|Mixed Platforms.Build.0 = Debug|x86
		{8CF51F45-7F45-4473-920D-F0DC12CB6BF8}.Debug|x86.ActiveCfg = Debug|x86
		{8CF51F45-7F45-4473-920D-F0DC12CB6BF8}.Debug|x86.Build.0 = Debug|x86
		{8CF51F45-7F45-4473-920D-F0DC12CB6BF8}.Release|Any CPU.ActiveCfg = Release|x86
		{8CF51F45-7F45-4473-920D-F0DC12CB6BF8}.Release|Mixed Platforms.ActiveCfg = Release|x86
		{8CF51F45-7F45-4473-920D-F0DC12CB6BF8}.Release|Mixed Platforms.Build.0 = Release|x86
		{8CF51F45-7F45-4473-920D-F0DC12CB6BF8}.Release|x86.ActiveCfg = Release|x86
		{8CF51F45-7F45-4473-920D-F0DC12CB6BF8}.Release|x86.Build.0 = Release|x86
		{B00DAA89-C862-4575-9557-F8ACA77E2603}.Debug|Any CPU.ActiveCfg = Debug|x86
		{B00DAA89-C862-4575-9557-F8ACA77E2603}.Debug|Mixed Platforms.ActiveCfg = Debug|x86
		{B00DAA89-C862-4575-9557-F8ACA77E2603}.Debug|Mixed Platforms.Build.0 = Debug|x86
		{B00DAA89-C862-4575-9557-F8ACA77E2603}.Debug|x86.ActiveCfg = Debug|x86
		{B00DAA89-C862-4575-9557-F8ACA77E2603}.Debug|x86.Build.0 = Debug|x86
		{B00DAA89-C862-4575-9557-F8ACA77E2603}.Release|Any CPU.ActiveCfg = Release|x86
		{B00DAA89-C862-4575-9557-F8ACA77E2603}.Release|Mixed Platforms.ActiveCfg = Release|x86
		{B00DAA89-C862-4575-9557-F8ACA77E2603}.Release|Mixed Platforms.Build.0 = Release|x86
		{B00DAA89-C862-4575-9557-F8ACA77E2603}.Release|x86.ActiveCfg = Release|x86
		{B00DAA89-C862-4575-9557-F8ACA77E2603}.Release|x86.Build.0 = Release|x86
		{DFB26301-070B-4C7E-8CEA-62BD95C820AD}.Debug|Any CPU.ActiveCfg = Debug|x86
		{DFB26301-070B-4C7E-8CEA-62BD95C820AD}.Debug|Mixed Platforms.ActiveCfg = Debug|x86
		{DFB26301-070B-4C7E-8CEA-62BD95C820AD}.Debug|Mixed Platforms.Build.0 = Debug|x86
		{DFB26301-070B-4C7E-8CEA-62BD95C820AD}.Debug|x86.ActiveCfg = Debug|x86
		{DFB26301-070B-4C7E-8CEA-62BD95C820AD}.Debug|x86.Build.0 = Debug|x86
		{DFB26301-070B-4C7E-8CEA-62BD95C820AD}.Release|Any CPU.ActiveCfg = Release|x86
		{DFB26301-070B-4C7E-8CEA-62BD95C820AD}.Release|Mixed Platforms.ActiveCfg = Release|x86
		{DFB26301-070B-4C7E-8CEA-62BD95C820AD}.Release|Mixed Platforms.Build.0 = Release|x86
		{DFB26301-070B-4C7E-8CEA-62BD95C820AD}.Release|x86.ActiveCfg = Release|x86
		{DFB26301-070B-4C7E-8CEA-62BD95C820AD}.Release|x86.Build.0 = Release|x86
		{73676C4A-CDDB-407A-AC81-15FD09E22243}.Debug|Any CPU.ActiveCfg = Debug|x86
		{73676C4A-CDDB-407A-AC81-15FD09E22243}.Debug|Mixed Platforms.ActiveCfg = Debug|x86
		{73676C4A-CDDB-407A-AC81-15FD09E22243}.Debug|Mixed Platforms.Build.0 = Debug|x86
		{73676C4A-CDDB-407A-AC81-15FD09E22243}.Debug|x86.ActiveCfg = Debug|x86
		{73676C4A-CDDB-407A-AC81-15FD09E22243}.Debug|x86.Build.0 = Debug|x86
		{73676C4A-CDDB-407A-AC81-15FD09E22243}.Release|Any CPU.ActiveCfg = Release|x86
		{73676C4A-CDDB-407A-AC81-15FD09E22243}.Release|Mixed Platforms.ActiveCfg = Release|x86
		{73676C4A-CDDB-407A-AC81-15FD09E22243}.Release|Mixed Platforms.Build.0 = Release|x86
		{73676C4A-CDDB-407A-AC81-15FD09E22243}.Release|x86.ActiveCfg = Release|x86
		{73676C4A-CDDB-407A-AC81-15FD09E22243}.Release|x86.Build.0 = Release|x86
		{83F3DA64-FE16-4B9A-99B0-B6B1FEC2682D}.Debug|Any CPU.ActiveCfg = Debug|x86
		{83F3DA64-FE16-4B9A-99B0-B6B1FEC2682D}.Debug|Mixed Platforms.ActiveCfg = Debug|x86
		{83F3DA64-FE16-4B9A-99B0-B6B1FEC2682D}.Debug|Mixed Platforms.Build.0 = Debug|x86
		{83F3DA64-FE16-4B9A-99B0-B6B1FEC2682D}.Debug|x86.ActiveCfg = Debug|x86
		{83F3DA64-FE16-4B9A-99B0-B6B1FEC2682D}.Debug|x86.Build.0 = Debug|x86
		{83F3DA64-FE16-4B9A-99B0-B6B1FEC2682D}.Release|Any CPU.ActiveCfg = Release|x86
		{83F3DA64-FE16-4B9A-99B0-B6B1FEC2682D}.Release|Mixed Platforms.ActiveCfg = Release|x86
		{83F3DA64-FE16-4B9A-99B0-B6B1FEC2682D}.Release|Mixed Platforms.Build.0 = Release|x86
		{83F3DA64-FE16-4B9A-99B0-B6B1FEC2682D}.Release|x86.ActiveCfg = Release|x86
		{83F3DA64-FE16-4B9A-99B0-B6B1FEC2682D}.Release|x86.Build.0 = Release|x86
		{00CEBD3E-D850-47C9-A1CF-EF2BF3772FB1}.Debug|Any CPU.ActiveCfg = Debug|x86
		{00CEBD3E-D850-47C9-A1CF-EF2BF3772FB1}.Debug|Mixed Platforms.ActiveCfg = Debug|x86
		{00CEBD3E-D850-47C9-A1CF-EF2BF3772FB1}.Debug|Mixed Platforms.Build.0 = Debug|x86
		{00CEBD3E-D850-47C9-A1CF-EF2BF3772FB1}.Debug|x86.ActiveCfg = Debug|x86
		{00CEBD3E-D850-47C9-A1CF-EF2BF3772FB1}.Debug|x86.Build.0 = Debug|x86
		{00CEBD3E-D850-47C9-A1CF-EF2BF3772FB1}.Release|Any CPU.ActiveCfg = Release|x86
		{00CEBD3E-D850-47C9-A1CF-EF2BF3772FB1}.Release|Mixed Platforms.ActiveCfg = Release|x86
		{00CEBD3E-D850-47C9-A1CF-EF2BF3772FB1}.Release|Mixed Platforms.Build.0 = Release|x86
		{00CEBD3E-D850-47C9-A1CF-EF2BF3772FB1}.Release|x86.ActiveCfg = Release|x86
		{00CEBD3E-D850-47C9-A1CF-EF2BF3772FB1}.Release|x86.Build.0 = Release|x86
	EndGlobalSection
	GlobalSection(SolutionProperties) = preSolution
		HideSolutionNode = FALSE
	EndGlobalSection
	GlobalSection(NestedProjects) = preSolution
		{4A68B836-6611-4C76-AA66-F0DF5E5E036F} = {064D2043-948C-4009-BE37-167B600698DF}
		{A21BF20B-9C8D-468C-B829-D27CB76B0EF8} = {064D2043-948C-4009-BE37-167B600698DF}
		{5759CDAD-BD6E-4388-ACB5-F4A2CA4B8D17} = {064D2043-948C-4009-BE37-167B600698DF}
		{91B3A941-4E1F-4F9A-8005-1BA11303E829} = {064D2043-948C-4009-BE37-167B600698DF}
		{DE4C402A-C2A6-4FE5-A587-F6315BC6B2AE} = {064D2043-948C-4009-BE37-167B600698DF}
		{26CCB930-9F47-4956-B7E9-5B36AC285663} = {4A68B836-6611-4C76-AA66-F0DF5E5E036F}
		{B7E31CD0-1494-4E60-8AC1-2B4656B44E8C} = {4A68B836-6611-4C76-AA66-F0DF5E5E036F}
		{DA449FFD-88D4-42FE-A83A-166C7097D825} = {A21BF20B-9C8D-468C-B829-D27CB76B0EF8}
		{3533C60C-F466-43A4-A7EE-633E7A7C3018} = {A21BF20B-9C8D-468C-B829-D27CB76B0EF8}
		{5F3A6BBC-96D8-483B-A246-1DD5118465A9} = {5759CDAD-BD6E-4388-ACB5-F4A2CA4B8D17}
		{9FB7E014-F37F-4EFF-BD72-95B1DFD7CB67} = {5759CDAD-BD6E-4388-ACB5-F4A2CA4B8D17}
		{E23220C3-CC7E-4846-905E-A08D7C2968E4} = {33EA78E8-93C9-4801-A023-A5639993F342}
		{C2857547-9ECB-45BD-8E98-996749CC43AC} = {33EA78E8-93C9-4801-A023-A5639993F342}
		{3B1CE041-0FA3-4D71-9AA3-C6655B526259} = {E23220C3-CC7E-4846-905E-A08D7C2968E4}
		{2FB38DB7-155E-4BA8-A292-2022DE08105A} = {E23220C3-CC7E-4846-905E-A08D7C2968E4}
		{C3392739-1A84-4864-BB0C-F7CE02203B23} = {E23220C3-CC7E-4846-905E-A08D7C2968E4}
		{245E9751-BDD9-4E94-A114-1D6832CE26DD} = {C2857547-9ECB-45BD-8E98-996749CC43AC}
		{D77D182C-D095-43B5-8564-1FF9E4967838} = {C2857547-9ECB-45BD-8E98-996749CC43AC}
		{D1B78750-D906-4621-8C2F-50E2C19124A1} = {C2857547-9ECB-45BD-8E98-996749CC43AC}
		{8CF51F45-7F45-4473-920D-F0DC12CB6BF8} = {5ABCE6FD-3F8D-4B02-9AB2-8DE4E759D404}
		{B00DAA89-C862-4575-9557-F8ACA77E2603} = {5ABCE6FD-3F8D-4B02-9AB2-8DE4E759D404}
		{DFB26301-070B-4C7E-8CEA-62BD95C820AD} = {5ABCE6FD-3F8D-4B02-9AB2-8DE4E759D404}
		{73676C4A-CDDB-407A-AC81-15FD09E22243} = {5ABCE6FD-3F8D-4B02-9AB2-8DE4E759D404}
		{6A5B523D-3FF5-4DA3-B182-17A1DC26CBAF} = {4EBDE946-34F6-494D-9AD7-21BDB64CBC48}
		{93F758FE-66B6-4C5D-B15D-7B31BC4964A8} = {4EBDE946-34F6-494D-9AD7-21BDB64CBC48}
		{EDD71CEF-C318-4229-9427-DD822C6EDEB1} = {4EBDE946-34F6-494D-9AD7-21BDB64CBC48}
		{0B852F64-7C0E-4555-A20D-0F0ABF337255} = {6A5B523D-3FF5-4DA3-B182-17A1DC26CBAF}
		{9FE6B2C9-0635-452D-B6E2-577D1A2EF988} = {6A5B523D-3FF5-4DA3-B182-17A1DC26CBAF}
		{ABA99ADC-5086-4320-95B8-1ACDBF55C8BF} = {6A5B523D-3FF5-4DA3-B182-17A1DC26CBAF}
		{1E43D575-56AE-4F75-8FA0-D0EDC8501933} = {6A5B523D-3FF5-4DA3-B182-17A1DC26CBAF}
		{E8ECBC04-8B62-454E-A671-8A33BDB35F4F} = {B4291E4B-FA7F-4750-9D00-7B7E4CDC5EE4}
		{F138DFDE-1E65-48FE-8704-DA74BAFB2DC9} = {B4291E4B-FA7F-4750-9D00-7B7E4CDC5EE4}
		{B17C433D-85CA-4FEC-8ECB-A31FC057C139} = {B4291E4B-FA7F-4750-9D00-7B7E4CDC5EE4}
		{7B88E985-6F2F-4194-9480-12D8C1D09F8D} = {B4291E4B-FA7F-4750-9D00-7B7E4CDC5EE4}
		{CEA12075-6DD2-442D-96F8-88A77EDCC16D} = {B4291E4B-FA7F-4750-9D00-7B7E4CDC5EE4}
		{19467BF5-89FA-4BA3-A4C3-3A382573A20F} = {B4291E4B-FA7F-4750-9D00-7B7E4CDC5EE4}
		{98732EF2-81BD-4194-B718-DB356B03306F} = {B4291E4B-FA7F-4750-9D00-7B7E4CDC5EE4}
		{EFE0F9B5-D937-44F5-9293-9C6A82C15747} = {714FAF3E-26F8-4495-8BA5-D40333C4FC56}
		{243E120B-20C2-4D9C-9874-196C8B120E9D} = {714FAF3E-26F8-4495-8BA5-D40333C4FC56}
		{7304D17F-85F1-4C5A-8D55-B3599B4B2759} = {714FAF3E-26F8-4495-8BA5-D40333C4FC56}
		{77C38FB8-C17E-444E-A3AE-1F8B713875CC} = {714FAF3E-26F8-4495-8BA5-D40333C4FC56}
		{52DBD781-2509-4ABB-8B97-7FE5F6635AC3} = {714FAF3E-26F8-4495-8BA5-D40333C4FC56}
		{456F3244-967E-4732-A2C4-0219B85521DC} = {714FAF3E-26F8-4495-8BA5-D40333C4FC56}
		{B2D5800A-85CE-45CD-AFAA-492B52AD67BB} = {714FAF3E-26F8-4495-8BA5-D40333C4FC56}
		{D08E4B27-E77C-4258-B050-333D42AA7362} = {714FAF3E-26F8-4495-8BA5-D40333C4FC56}
		{26B34D42-CA8B-44BF-A282-E516E2C22588} = {91B3A941-4E1F-4F9A-8005-1BA11303E829}
		{CC3525EA-0721-4299-991B-1C7E01A15E6B} = {91B3A941-4E1F-4F9A-8005-1BA11303E829}
		{83F3DA64-FE16-4B9A-99B0-B6B1FEC2682D} = {DE4C402A-C2A6-4FE5-A587-F6315BC6B2AE}
		{00CEBD3E-D850-47C9-A1CF-EF2BF3772FB1} = {DE4C402A-C2A6-4FE5-A587-F6315BC6B2AE}
	EndGlobalSection
EndGlobal
